// !$*UTF8*$!
{
	archiveVersion = 1;
	classes = {
	};
	objectVersion = 46;
	objects = {

/* Begin PBXBuildFile section */
		576E3FB5187D4BFB00745A0A /* Coordinate.cpp in Sources */ = {isa = PBXBuildFile; fileRef = 576E3F71187D4BFB00745A0A /* Coordinate.cpp */; };
		576E3FB7187D4BFB00745A0A /* ISOTileObject.cpp in Sources */ = {isa = PBXBuildFile; fileRef = 576E3F7A187D4BFB00745A0A /* ISOTileObject.cpp */; };
		576E3FB8187D4BFB00745A0A /* ISOTile.cpp in Sources */ = {isa = PBXBuildFile; fileRef = 576E3F7C187D4BFB00745A0A /* ISOTile.cpp */; };
		576E3FB9187D4BFB00745A0A /* ISOTileset.cpp in Sources */ = {isa = PBXBuildFile; fileRef = 576E3F7E187D4BFB00745A0A /* ISOTileset.cpp */; };
		576E3FBA187D4BFB00745A0A /* ISOTilesetGroup.cpp in Sources */ = {isa = PBXBuildFile; fileRef = 576E3F80187D4BFB00745A0A /* ISOTilesetGroup.cpp */; };
		576E3FBC187D4BFB00745A0A /* ISOTileMap.cpp in Sources */ = {isa = PBXBuildFile; fileRef = 576E3F84187D4BFB00745A0A /* ISOTileMap.cpp */; };
		576E3FBD187D4BFB00745A0A /* ISOBatchDynamicComponent.cpp in Sources */ = {isa = PBXBuildFile; fileRef = 576E3F88187D4BFB00745A0A /* ISOBatchDynamicComponent.cpp */; };
		576E3FBE187D4BFB00745A0A /* ISOBatchDynamicTileLayer.cpp in Sources */ = {isa = PBXBuildFile; fileRef = 576E3F8A187D4BFB00745A0A /* ISOBatchDynamicTileLayer.cpp */; };
		576E3FBF187D4BFB00745A0A /* ISOBatchTileLayer.cpp in Sources */ = {isa = PBXBuildFile; fileRef = 576E3F8C187D4BFB00745A0A /* ISOBatchTileLayer.cpp */; };
		576E3FC0187D4BFB00745A0A /* ISODynamicComponent.cpp in Sources */ = {isa = PBXBuildFile; fileRef = 576E3F8E187D4BFB00745A0A /* ISODynamicComponent.cpp */; };
		576E3FC1187D4BFB00745A0A /* ISODynamicTileLayer.cpp in Sources */ = {isa = PBXBuildFile; fileRef = 576E3F90187D4BFB00745A0A /* ISODynamicTileLayer.cpp */; };
		576E3FC2187D4BFB00745A0A /* ISOGroundTileLayer.cpp in Sources */ = {isa = PBXBuildFile; fileRef = 576E3F92187D4BFB00745A0A /* ISOGroundTileLayer.cpp */; };
		576E3FC4187D4BFB00745A0A /* ISOTileLayer.cpp in Sources */ = {isa = PBXBuildFile; fileRef = 576E3F97187D4BFB00745A0A /* ISOTileLayer.cpp */; };
		576E3FC6187D4BFB00745A0A /* ISOLayerInfo.cpp in Sources */ = {isa = PBXBuildFile; fileRef = 576E3F9E187D4BFB00745A0A /* ISOLayerInfo.cpp */; };
		576E3FC7187D4BFB00745A0A /* ISOMapInfo.cpp in Sources */ = {isa = PBXBuildFile; fileRef = 576E3FA0187D4BFB00745A0A /* ISOMapInfo.cpp */; };
		576E3FC8187D4BFB00745A0A /* ISOObjectGroupInfo.cpp in Sources */ = {isa = PBXBuildFile; fileRef = 576E3FA2187D4BFB00745A0A /* ISOObjectGroupInfo.cpp */; };
		576E3FC9187D4BFB00745A0A /* ISOObjectInfo.cpp in Sources */ = {isa = PBXBuildFile; fileRef = 576E3FA4187D4BFB00745A0A /* ISOObjectInfo.cpp */; };
		576E3FCA187D4BFB00745A0A /* ISOTileInfo.cpp in Sources */ = {isa = PBXBuildFile; fileRef = 576E3FA6187D4BFB00745A0A /* ISOTileInfo.cpp */; };
		576E3FCB187D4BFB00745A0A /* ISOTilesetInfo.cpp in Sources */ = {isa = PBXBuildFile; fileRef = 576E3FA8187D4BFB00745A0A /* ISOTilesetInfo.cpp */; };
		576E3FCC187D4BFB00745A0A /* ISOXMLParser.cpp in Sources */ = {isa = PBXBuildFile; fileRef = 576E3FAA187D4BFB00745A0A /* ISOXMLParser.cpp */; };
		576E3FCD187D4BFB00745A0A /* ISOTileMapBuilder.cpp in Sources */ = {isa = PBXBuildFile; fileRef = 576E3FAD187D4BFB00745A0A /* ISOTileMapBuilder.cpp */; };
		576E3FD5187D5D5500745A0A /* ISOObjectGroup.cpp in Sources */ = {isa = PBXBuildFile; fileRef = 576E3FD3187D5D5500745A0A /* ISOObjectGroup.cpp */; };
		576E3FDF187E3DF800745A0A /* ISOMapObject.cpp in Sources */ = {isa = PBXBuildFile; fileRef = 576E3FDD187E3DF800745A0A /* ISOMapObject.cpp */; };
		576E3FE2187E431500745A0A /* ISOTileObjectPart.cpp in Sources */ = {isa = PBXBuildFile; fileRef = 576E3FE0187E431500745A0A /* ISOTileObjectPart.cpp */; };
		576E3FE7187E47F300745A0A /* ISOComponentNode.cpp in Sources */ = {isa = PBXBuildFile; fileRef = 576E3FE5187E47F300745A0A /* ISOComponentNode.cpp */; };
		576E3FEC187E7CB400745A0A /* ISOObjectLayer.cpp in Sources */ = {isa = PBXBuildFile; fileRef = 576E3FEA187E7CB400745A0A /* ISOObjectLayer.cpp */; };
		5771055F18837C1700FA1446 /* CCDefaultTexture.cpp in Sources */ = {isa = PBXBuildFile; fileRef = 5771055D18837C1700FA1446 /* CCDefaultTexture.cpp */; };
		5771056418837C2C00FA1446 /* ISOCoordinateLayer.cpp in Sources */ = {isa = PBXBuildFile; fileRef = 5771056018837C2C00FA1446 /* ISOCoordinateLayer.cpp */; };
		5771056518837C2C00FA1446 /* ISODynamicGroup.cpp in Sources */ = {isa = PBXBuildFile; fileRef = 5771056218837C2C00FA1446 /* ISODynamicGroup.cpp */; };
		5771056918837C3E00FA1446 /* IsoTileUtils.cpp in Sources */ = {isa = PBXBuildFile; fileRef = 5771056718837C3E00FA1446 /* IsoTileUtils.cpp */; };
		5771056C18838D7200FA1446 /* ISOCamera.cpp in Sources */ = {isa = PBXBuildFile; fileRef = 5771056A18838D7200FA1446 /* ISOCamera.cpp */; };
		577A78F4186BF56500F1B5D5 /* Astar.cpp in Sources */ = {isa = PBXBuildFile; fileRef = 577A783B186BF56500F1B5D5 /* Astar.cpp */; };
		577A78F5186BF56500F1B5D5 /* AstarFlexible.cpp in Sources */ = {isa = PBXBuildFile; fileRef = 577A783D186BF56500F1B5D5 /* AstarFlexible.cpp */; };
		577A78F6186BF56500F1B5D5 /* AstarNode.cpp in Sources */ = {isa = PBXBuildFile; fileRef = 577A783F186BF56500F1B5D5 /* AstarNode.cpp */; };
		577A78F7186BF56500F1B5D5 /* CallbackAstar.cpp in Sources */ = {isa = PBXBuildFile; fileRef = 577A7841186BF56500F1B5D5 /* CallbackAstar.cpp */; };
		577A78F8186BF56500F1B5D5 /* CCParabolaMove.cpp in Sources */ = {isa = PBXBuildFile; fileRef = 577A7845186BF56500F1B5D5 /* CCParabolaMove.cpp */; };
		577A78F9186BF56500F1B5D5 /* CCCallFuncNO.cpp in Sources */ = {isa = PBXBuildFile; fileRef = 577A7847186BF56500F1B5D5 /* CCCallFuncNO.cpp */; };
		577A78FA186BF56500F1B5D5 /* CCGeometryValue.cpp in Sources */ = {isa = PBXBuildFile; fileRef = 577A7849186BF56500F1B5D5 /* CCGeometryValue.cpp */; };
		577A78FB186BF56500F1B5D5 /* CCScopePtr.cpp in Sources */ = {isa = PBXBuildFile; fileRef = 577A784B186BF56500F1B5D5 /* CCScopePtr.cpp */; };
		577A78FC186BF56500F1B5D5 /* CCSelectorWrap.cpp in Sources */ = {isa = PBXBuildFile; fileRef = 577A784D186BF56500F1B5D5 /* CCSelectorWrap.cpp */; };
		577A78FD186BF56500F1B5D5 /* base64.cpp in Sources */ = {isa = PBXBuildFile; fileRef = 577A7850186BF56500F1B5D5 /* base64.cpp */; };
		577A78FE186BF56500F1B5D5 /* ccCArray.cpp in Sources */ = {isa = PBXBuildFile; fileRef = 577A7852186BF56500F1B5D5 /* ccCArray.cpp */; };
		577A7906186BF56500F1B5D5 /* Event.cpp in Sources */ = {isa = PBXBuildFile; fileRef = 577A7866186BF56500F1B5D5 /* Event.cpp */; };
		577A7907186BF56500F1B5D5 /* EventHandle.cpp in Sources */ = {isa = PBXBuildFile; fileRef = 577A7868186BF56500F1B5D5 /* EventHandle.cpp */; };
		577A7908186BF56500F1B5D5 /* EventHandleD.cpp in Sources */ = {isa = PBXBuildFile; fileRef = 577A786A186BF56500F1B5D5 /* EventHandleD.cpp */; };
		577A7909186BF56500F1B5D5 /* EventHandleWrap.cpp in Sources */ = {isa = PBXBuildFile; fileRef = 577A786C186BF56500F1B5D5 /* EventHandleWrap.cpp */; };
		577A790A186BF56500F1B5D5 /* EventListenerManager.cpp in Sources */ = {isa = PBXBuildFile; fileRef = 577A786E186BF56500F1B5D5 /* EventListenerManager.cpp */; };
		577A790B186BF56500F1B5D5 /* UIEvent.cpp in Sources */ = {isa = PBXBuildFile; fileRef = 577A7872186BF56500F1B5D5 /* UIEvent.cpp */; };
		577A790C186BF56500F1B5D5 /* FSMMachine.cpp in Sources */ = {isa = PBXBuildFile; fileRef = 577A7877186BF56500F1B5D5 /* FSMMachine.cpp */; };
		577A790D186BF56500F1B5D5 /* FSMState.cpp in Sources */ = {isa = PBXBuildFile; fileRef = 577A787B186BF56500F1B5D5 /* FSMState.cpp */; };
		577A792C186BF56500F1B5D5 /* MersenneTwister.cpp in Sources */ = {isa = PBXBuildFile; fileRef = 577A78CC186BF56500F1B5D5 /* MersenneTwister.cpp */; };
		577A792D186BF56500F1B5D5 /* RandomMT.cpp in Sources */ = {isa = PBXBuildFile; fileRef = 577A78CE186BF56500F1B5D5 /* RandomMT.cpp */; };
		577A792E186BF56500F1B5D5 /* AsyncMessageManager.cpp in Sources */ = {isa = PBXBuildFile; fileRef = 577A78D1186BF56500F1B5D5 /* AsyncMessageManager.cpp */; };
		577A792F186BF56500F1B5D5 /* DelayMessageManager.cpp in Sources */ = {isa = PBXBuildFile; fileRef = 577A78D3186BF56500F1B5D5 /* DelayMessageManager.cpp */; };
		577A7930186BF56500F1B5D5 /* Message.cpp in Sources */ = {isa = PBXBuildFile; fileRef = 577A78D5186BF56500F1B5D5 /* Message.cpp */; };
		577A7931186BF56500F1B5D5 /* MessageHandler.cpp in Sources */ = {isa = PBXBuildFile; fileRef = 577A78D7186BF56500F1B5D5 /* MessageHandler.cpp */; };
		577A7932186BF56500F1B5D5 /* MessageManager.cpp in Sources */ = {isa = PBXBuildFile; fileRef = 577A78D9186BF56500F1B5D5 /* MessageManager.cpp */; };
		577A7933186BF56500F1B5D5 /* MessageManagerSenderPredominate.cpp in Sources */ = {isa = PBXBuildFile; fileRef = 577A78DC186BF56500F1B5D5 /* MessageManagerSenderPredominate.cpp */; };
		577A7934186BF56500F1B5D5 /* MessageTarget.cpp in Sources */ = {isa = PBXBuildFile; fileRef = 577A78DE186BF56500F1B5D5 /* MessageTarget.cpp */; };
		577A7935186BF56500F1B5D5 /* NormalMessageManager.cpp in Sources */ = {isa = PBXBuildFile; fileRef = 577A78E0186BF56500F1B5D5 /* NormalMessageManager.cpp */; };
		577A7936186BF56500F1B5D5 /* SimpleMessageManager.cpp in Sources */ = {isa = PBXBuildFile; fileRef = 577A78E2186BF56500F1B5D5 /* SimpleMessageManager.cpp */; };
		578E5F5418680D830042319C /* Foundation.framework in Frameworks */ = {isa = PBXBuildFile; fileRef = 1D30AB110D05D00D00671497 /* Foundation.framework */; };
		5792840F188CD37000B46136 /* CameraFlowGridMoveComponent.cpp in Sources */ = {isa = PBXBuildFile; fileRef = 5792840D188CD37000B46136 /* CameraFlowGridMoveComponent.cpp */; };
		57928415188D2BFD00B46136 /* ISOActiveLayer.cpp in Sources */ = {isa = PBXBuildFile; fileRef = 57928413188D2BFD00B46136 /* ISOActiveLayer.cpp */; };
		57928424188E82EC00B46136 /* ISOMap.cpp in Sources */ = {isa = PBXBuildFile; fileRef = 57928422188E82EC00B46136 /* ISOMap.cpp */; };
		57928428188F5BD400B46136 /* ISOLayer.cpp in Sources */ = {isa = PBXBuildFile; fileRef = 57928426188F5BD400B46136 /* ISOLayer.cpp */; };
		57975AAD1890FAE9008A9F38 /* SortZIndex.cpp in Sources */ = {isa = PBXBuildFile; fileRef = 57975AAB1890FAE9008A9F38 /* SortZIndex.cpp */; };
		57975AB21890FB16008A9F38 /* ZIndex.cpp in Sources */ = {isa = PBXBuildFile; fileRef = 57975AAE1890FB16008A9F38 /* ZIndex.cpp */; };
		57975AB31890FB16008A9F38 /* ZIndexNode.cpp in Sources */ = {isa = PBXBuildFile; fileRef = 57975AB01890FB16008A9F38 /* ZIndexNode.cpp */; };
		57975AB618910123008A9F38 /* SortZIndexNode.cpp in Sources */ = {isa = PBXBuildFile; fileRef = 57975AB418910123008A9F38 /* SortZIndexNode.cpp */; };
		57C3375C1888C3A1008B5618 /* AnimationComponent.cpp in Sources */ = {isa = PBXBuildFile; fileRef = 57C337401888C3A1008B5618 /* AnimationComponent.cpp */; };
		57C3375D1888C3A1008B5618 /* AttackComponent.cpp in Sources */ = {isa = PBXBuildFile; fileRef = 57C337421888C3A1008B5618 /* AttackComponent.cpp */; };
		57C3375E1888C3A1008B5618 /* AutoAttackComponent.cpp in Sources */ = {isa = PBXBuildFile; fileRef = 57C337441888C3A1008B5618 /* AutoAttackComponent.cpp */; };
		57C3375F1888C3A1008B5618 /* Component.cpp in Sources */ = {isa = PBXBuildFile; fileRef = 57C337461888C3A1008B5618 /* Component.cpp */; };
		57C337601888C3A1008B5618 /* GridMoveComponent.cpp in Sources */ = {isa = PBXBuildFile; fileRef = 57C3374B1888C3A1008B5618 /* GridMoveComponent.cpp */; };
		57C337611888C3A1008B5618 /* ISOPositionComponent.cpp in Sources */ = {isa = PBXBuildFile; fileRef = 57C3374D1888C3A1008B5618 /* ISOPositionComponent.cpp */; };
		57C337621888C3A1008B5618 /* ManualAttackComponent.cpp in Sources */ = {isa = PBXBuildFile; fileRef = 57C3374F1888C3A1008B5618 /* ManualAttackComponent.cpp */; };
		57C337631888C3A1008B5618 /* MoveComponent.cpp in Sources */ = {isa = PBXBuildFile; fileRef = 57C337511888C3A1008B5618 /* MoveComponent.cpp */; };
		57C337641888C3A1008B5618 /* RendererComponent.cpp in Sources */ = {isa = PBXBuildFile; fileRef = 57C337531888C3A1008B5618 /* RendererComponent.cpp */; };
		57C337661888C3A1008B5618 /* SpriteRendererComponent.cpp in Sources */ = {isa = PBXBuildFile; fileRef = 57C337571888C3A1008B5618 /* SpriteRendererComponent.cpp */; };
		57C337671888C3A1008B5618 /* Entity.cpp in Sources */ = {isa = PBXBuildFile; fileRef = 57C337591888C3A1008B5618 /* Entity.cpp */; };
		57C3376B1888CC67008B5618 /* IsometricProperty.cpp in Sources */ = {isa = PBXBuildFile; fileRef = 57C337691888CC67008B5618 /* IsometricProperty.cpp */; };
/* End PBXBuildFile section */

/* Begin PBXCopyFilesBuildPhase section */
		578E5F5118680D830042319C /* CopyFiles */ = {
			isa = PBXCopyFilesBuildPhase;
			buildActionMask = 2147483647;
			dstPath = "include/$(PRODUCT_NAME)";
			dstSubfolderSpec = 16;
			files = (
			);
			runOnlyForDeploymentPostprocessing = 0;
		};
/* End PBXCopyFilesBuildPhase section */

/* Begin PBXFileReference section */
		1AC3624616D4A1E8000847F2 /* Prefix.pch */ = {isa = PBXFileReference; fileEncoding = 4; lastKnownFileType = sourcecode.c.h; path = Prefix.pch; sourceTree = SOURCE_ROOT; };
		1ACB3243164770DE00914215 /* libcurl.a */ = {isa = PBXFileReference; lastKnownFileType = archive.ar; name = libcurl.a; path = ../../cocos2dx/platform/third_party/ios/libraries/libcurl.a; sourceTree = "<group>"; };
		1D30AB110D05D00D00671497 /* Foundation.framework */ = {isa = PBXFileReference; lastKnownFileType = wrapper.framework; name = Foundation.framework; path = System/Library/Frameworks/Foundation.framework; sourceTree = SDKROOT; };
		1DF5F4DF0D08C38300B7A737 /* UIKit.framework */ = {isa = PBXFileReference; lastKnownFileType = wrapper.framework; name = UIKit.framework; path = System/Library/Frameworks/UIKit.framework; sourceTree = SDKROOT; };
		288765A40DF7441C002DB57D /* CoreGraphics.framework */ = {isa = PBXFileReference; lastKnownFileType = wrapper.framework; name = CoreGraphics.framework; path = System/Library/Frameworks/CoreGraphics.framework; sourceTree = SDKROOT; };
		576E3F71187D4BFB00745A0A /* Coordinate.cpp */ = {isa = PBXFileReference; fileEncoding = 4; lastKnownFileType = sourcecode.cpp.cpp; path = Coordinate.cpp; sourceTree = "<group>"; };
		576E3F72187D4BFB00745A0A /* Coordinate.h */ = {isa = PBXFileReference; fileEncoding = 4; lastKnownFileType = sourcecode.c.h; path = Coordinate.h; sourceTree = "<group>"; };
		576E3F73187D4BFB00745A0A /* ISOCoordinate.h */ = {isa = PBXFileReference; fileEncoding = 4; lastKnownFileType = sourcecode.c.h; path = ISOCoordinate.h; sourceTree = "<group>"; };
		576E3F7A187D4BFB00745A0A /* ISOTileObject.cpp */ = {isa = PBXFileReference; fileEncoding = 4; lastKnownFileType = sourcecode.cpp.cpp; path = ISOTileObject.cpp; sourceTree = "<group>"; };
		576E3F7B187D4BFB00745A0A /* ISOTileObject.h */ = {isa = PBXFileReference; fileEncoding = 4; lastKnownFileType = sourcecode.c.h; path = ISOTileObject.h; sourceTree = "<group>"; };
		576E3F7C187D4BFB00745A0A /* ISOTile.cpp */ = {isa = PBXFileReference; fileEncoding = 4; lastKnownFileType = sourcecode.cpp.cpp; path = ISOTile.cpp; sourceTree = "<group>"; };
		576E3F7D187D4BFB00745A0A /* ISOTile.h */ = {isa = PBXFileReference; fileEncoding = 4; lastKnownFileType = sourcecode.c.h; path = ISOTile.h; sourceTree = "<group>"; };
		576E3F7E187D4BFB00745A0A /* ISOTileset.cpp */ = {isa = PBXFileReference; fileEncoding = 4; lastKnownFileType = sourcecode.cpp.cpp; path = ISOTileset.cpp; sourceTree = "<group>"; };
		576E3F7F187D4BFB00745A0A /* ISOTileset.h */ = {isa = PBXFileReference; fileEncoding = 4; lastKnownFileType = sourcecode.c.h; path = ISOTileset.h; sourceTree = "<group>"; };
		576E3F80187D4BFB00745A0A /* ISOTilesetGroup.cpp */ = {isa = PBXFileReference; fileEncoding = 4; lastKnownFileType = sourcecode.cpp.cpp; path = ISOTilesetGroup.cpp; sourceTree = "<group>"; };
		576E3F81187D4BFB00745A0A /* ISOTilesetGroup.h */ = {isa = PBXFileReference; fileEncoding = 4; lastKnownFileType = sourcecode.c.h; path = ISOTilesetGroup.h; sourceTree = "<group>"; };
		576E3F82187D4BFB00745A0A /* ISOInfos.h */ = {isa = PBXFileReference; fileEncoding = 4; lastKnownFileType = sourcecode.c.h; path = ISOInfos.h; sourceTree = "<group>"; };
		576E3F84187D4BFB00745A0A /* ISOTileMap.cpp */ = {isa = PBXFileReference; fileEncoding = 4; lastKnownFileType = sourcecode.cpp.cpp; path = ISOTileMap.cpp; sourceTree = "<group>"; };
		576E3F85187D4BFB00745A0A /* ISOTileMap.h */ = {isa = PBXFileReference; fileEncoding = 4; lastKnownFileType = sourcecode.c.h; path = ISOTileMap.h; sourceTree = "<group>"; };
		576E3F88187D4BFB00745A0A /* ISOBatchDynamicComponent.cpp */ = {isa = PBXFileReference; fileEncoding = 4; lastKnownFileType = sourcecode.cpp.cpp; path = ISOBatchDynamicComponent.cpp; sourceTree = "<group>"; };
		576E3F89187D4BFB00745A0A /* ISOBatchDynamicComponent.h */ = {isa = PBXFileReference; fileEncoding = 4; lastKnownFileType = sourcecode.c.h; path = ISOBatchDynamicComponent.h; sourceTree = "<group>"; };
		576E3F8A187D4BFB00745A0A /* ISOBatchDynamicTileLayer.cpp */ = {isa = PBXFileReference; fileEncoding = 4; lastKnownFileType = sourcecode.cpp.cpp; path = ISOBatchDynamicTileLayer.cpp; sourceTree = "<group>"; };
		576E3F8B187D4BFB00745A0A /* ISOBatchDynamicTileLayer.h */ = {isa = PBXFileReference; fileEncoding = 4; lastKnownFileType = sourcecode.c.h; path = ISOBatchDynamicTileLayer.h; sourceTree = "<group>"; };
		576E3F8C187D4BFB00745A0A /* ISOBatchTileLayer.cpp */ = {isa = PBXFileReference; fileEncoding = 4; lastKnownFileType = sourcecode.cpp.cpp; path = ISOBatchTileLayer.cpp; sourceTree = "<group>"; };
		576E3F8D187D4BFB00745A0A /* ISOBatchTileLayer.h */ = {isa = PBXFileReference; fileEncoding = 4; lastKnownFileType = sourcecode.c.h; path = ISOBatchTileLayer.h; sourceTree = "<group>"; };
		576E3F8E187D4BFB00745A0A /* ISODynamicComponent.cpp */ = {isa = PBXFileReference; fileEncoding = 4; lastKnownFileType = sourcecode.cpp.cpp; path = ISODynamicComponent.cpp; sourceTree = "<group>"; };
		576E3F8F187D4BFB00745A0A /* ISODynamicComponent.h */ = {isa = PBXFileReference; fileEncoding = 4; lastKnownFileType = sourcecode.c.h; path = ISODynamicComponent.h; sourceTree = "<group>"; };
		576E3F90187D4BFB00745A0A /* ISODynamicTileLayer.cpp */ = {isa = PBXFileReference; fileEncoding = 4; lastKnownFileType = sourcecode.cpp.cpp; path = ISODynamicTileLayer.cpp; sourceTree = "<group>"; };
		576E3F91187D4BFB00745A0A /* ISODynamicTileLayer.h */ = {isa = PBXFileReference; fileEncoding = 4; lastKnownFileType = sourcecode.c.h; path = ISODynamicTileLayer.h; sourceTree = "<group>"; };
		576E3F92187D4BFB00745A0A /* ISOGroundTileLayer.cpp */ = {isa = PBXFileReference; fileEncoding = 4; lastKnownFileType = sourcecode.cpp.cpp; path = ISOGroundTileLayer.cpp; sourceTree = "<group>"; };
		576E3F93187D4BFB00745A0A /* ISOGroundTileLayer.h */ = {isa = PBXFileReference; fileEncoding = 4; lastKnownFileType = sourcecode.c.h; path = ISOGroundTileLayer.h; sourceTree = "<group>"; };
		576E3F97187D4BFB00745A0A /* ISOTileLayer.cpp */ = {isa = PBXFileReference; fileEncoding = 4; lastKnownFileType = sourcecode.cpp.cpp; path = ISOTileLayer.cpp; sourceTree = "<group>"; };
		576E3F98187D4BFB00745A0A /* ISOTileLayer.h */ = {isa = PBXFileReference; fileEncoding = 4; lastKnownFileType = sourcecode.c.h; path = ISOTileLayer.h; sourceTree = "<group>"; };
		576E3F9E187D4BFB00745A0A /* ISOLayerInfo.cpp */ = {isa = PBXFileReference; fileEncoding = 4; lastKnownFileType = sourcecode.cpp.cpp; path = ISOLayerInfo.cpp; sourceTree = "<group>"; };
		576E3F9F187D4BFB00745A0A /* ISOLayerInfo.h */ = {isa = PBXFileReference; fileEncoding = 4; lastKnownFileType = sourcecode.c.h; path = ISOLayerInfo.h; sourceTree = "<group>"; };
		576E3FA0187D4BFB00745A0A /* ISOMapInfo.cpp */ = {isa = PBXFileReference; fileEncoding = 4; lastKnownFileType = sourcecode.cpp.cpp; path = ISOMapInfo.cpp; sourceTree = "<group>"; };
		576E3FA1187D4BFB00745A0A /* ISOMapInfo.h */ = {isa = PBXFileReference; fileEncoding = 4; lastKnownFileType = sourcecode.c.h; path = ISOMapInfo.h; sourceTree = "<group>"; };
		576E3FA2187D4BFB00745A0A /* ISOObjectGroupInfo.cpp */ = {isa = PBXFileReference; fileEncoding = 4; lastKnownFileType = sourcecode.cpp.cpp; path = ISOObjectGroupInfo.cpp; sourceTree = "<group>"; };
		576E3FA3187D4BFB00745A0A /* ISOObjectGroupInfo.h */ = {isa = PBXFileReference; fileEncoding = 4; lastKnownFileType = sourcecode.c.h; path = ISOObjectGroupInfo.h; sourceTree = "<group>"; };
		576E3FA4187D4BFB00745A0A /* ISOObjectInfo.cpp */ = {isa = PBXFileReference; fileEncoding = 4; lastKnownFileType = sourcecode.cpp.cpp; path = ISOObjectInfo.cpp; sourceTree = "<group>"; };
		576E3FA5187D4BFB00745A0A /* ISOObjectInfo.h */ = {isa = PBXFileReference; fileEncoding = 4; lastKnownFileType = sourcecode.c.h; path = ISOObjectInfo.h; sourceTree = "<group>"; };
		576E3FA6187D4BFB00745A0A /* ISOTileInfo.cpp */ = {isa = PBXFileReference; fileEncoding = 4; lastKnownFileType = sourcecode.cpp.cpp; path = ISOTileInfo.cpp; sourceTree = "<group>"; };
		576E3FA7187D4BFB00745A0A /* ISOTileInfo.h */ = {isa = PBXFileReference; fileEncoding = 4; lastKnownFileType = sourcecode.c.h; path = ISOTileInfo.h; sourceTree = "<group>"; };
		576E3FA8187D4BFB00745A0A /* ISOTilesetInfo.cpp */ = {isa = PBXFileReference; fileEncoding = 4; lastKnownFileType = sourcecode.cpp.cpp; path = ISOTilesetInfo.cpp; sourceTree = "<group>"; };
		576E3FA9187D4BFB00745A0A /* ISOTilesetInfo.h */ = {isa = PBXFileReference; fileEncoding = 4; lastKnownFileType = sourcecode.c.h; path = ISOTilesetInfo.h; sourceTree = "<group>"; };
		576E3FAA187D4BFB00745A0A /* ISOXMLParser.cpp */ = {isa = PBXFileReference; fileEncoding = 4; lastKnownFileType = sourcecode.cpp.cpp; path = ISOXMLParser.cpp; sourceTree = "<group>"; };
		576E3FAB187D4BFB00745A0A /* ISOXMLParser.h */ = {isa = PBXFileReference; fileEncoding = 4; lastKnownFileType = sourcecode.c.h; path = ISOXMLParser.h; sourceTree = "<group>"; };
		576E3FAD187D4BFB00745A0A /* ISOTileMapBuilder.cpp */ = {isa = PBXFileReference; fileEncoding = 4; lastKnownFileType = sourcecode.cpp.cpp; path = ISOTileMapBuilder.cpp; sourceTree = "<group>"; };
		576E3FAE187D4BFB00745A0A /* ISOTileMapBuilder.h */ = {isa = PBXFileReference; fileEncoding = 4; lastKnownFileType = sourcecode.c.h; path = ISOTileMapBuilder.h; sourceTree = "<group>"; };
		576E3FD3187D5D5500745A0A /* ISOObjectGroup.cpp */ = {isa = PBXFileReference; fileEncoding = 4; lastKnownFileType = sourcecode.cpp.cpp; path = ISOObjectGroup.cpp; sourceTree = "<group>"; };
		576E3FD4187D5D5500745A0A /* ISOObjectGroup.h */ = {isa = PBXFileReference; fileEncoding = 4; lastKnownFileType = sourcecode.c.h; path = ISOObjectGroup.h; sourceTree = "<group>"; };
		576E3FD6187D5EE600745A0A /* ISOBases.h */ = {isa = PBXFileReference; fileEncoding = 4; lastKnownFileType = sourcecode.c.h; path = ISOBases.h; sourceTree = "<group>"; };
		576E3FD7187D5EE600745A0A /* ISOLayers.h */ = {isa = PBXFileReference; fileEncoding = 4; lastKnownFileType = sourcecode.c.h; path = ISOLayers.h; sourceTree = "<group>"; };
		576E3FDD187E3DF800745A0A /* ISOMapObject.cpp */ = {isa = PBXFileReference; fileEncoding = 4; lastKnownFileType = sourcecode.cpp.cpp; path = ISOMapObject.cpp; sourceTree = "<group>"; };
		576E3FDE187E3DF800745A0A /* ISOMapObject.h */ = {isa = PBXFileReference; fileEncoding = 4; lastKnownFileType = sourcecode.c.h; path = ISOMapObject.h; sourceTree = "<group>"; };
		576E3FE0187E431500745A0A /* ISOTileObjectPart.cpp */ = {isa = PBXFileReference; fileEncoding = 4; lastKnownFileType = sourcecode.cpp.cpp; path = ISOTileObjectPart.cpp; sourceTree = "<group>"; };
		576E3FE1187E431500745A0A /* ISOTileObjectPart.h */ = {isa = PBXFileReference; fileEncoding = 4; lastKnownFileType = sourcecode.c.h; path = ISOTileObjectPart.h; sourceTree = "<group>"; };
		576E3FE5187E47F300745A0A /* ISOComponentNode.cpp */ = {isa = PBXFileReference; fileEncoding = 4; lastKnownFileType = sourcecode.cpp.cpp; path = ISOComponentNode.cpp; sourceTree = "<group>"; };
		576E3FE6187E47F300745A0A /* ISOComponentNode.h */ = {isa = PBXFileReference; fileEncoding = 4; lastKnownFileType = sourcecode.c.h; path = ISOComponentNode.h; sourceTree = "<group>"; };
		576E3FEA187E7CB400745A0A /* ISOObjectLayer.cpp */ = {isa = PBXFileReference; fileEncoding = 4; lastKnownFileType = sourcecode.cpp.cpp; path = ISOObjectLayer.cpp; sourceTree = "<group>"; };
		576E3FEB187E7CB400745A0A /* ISOObjectLayer.h */ = {isa = PBXFileReference; fileEncoding = 4; lastKnownFileType = sourcecode.c.h; path = ISOObjectLayer.h; sourceTree = "<group>"; };
		5771055D18837C1700FA1446 /* CCDefaultTexture.cpp */ = {isa = PBXFileReference; fileEncoding = 4; lastKnownFileType = sourcecode.cpp.cpp; path = CCDefaultTexture.cpp; sourceTree = "<group>"; };
		5771055E18837C1700FA1446 /* CCDefaultTexture.h */ = {isa = PBXFileReference; fileEncoding = 4; lastKnownFileType = sourcecode.c.h; path = CCDefaultTexture.h; sourceTree = "<group>"; };
		5771056018837C2C00FA1446 /* ISOCoordinateLayer.cpp */ = {isa = PBXFileReference; fileEncoding = 4; lastKnownFileType = sourcecode.cpp.cpp; path = ISOCoordinateLayer.cpp; sourceTree = "<group>"; };
		5771056118837C2C00FA1446 /* ISOCoordinateLayer.h */ = {isa = PBXFileReference; fileEncoding = 4; lastKnownFileType = sourcecode.c.h; path = ISOCoordinateLayer.h; sourceTree = "<group>"; };
		5771056218837C2C00FA1446 /* ISODynamicGroup.cpp */ = {isa = PBXFileReference; fileEncoding = 4; lastKnownFileType = sourcecode.cpp.cpp; path = ISODynamicGroup.cpp; sourceTree = "<group>"; };
		5771056318837C2C00FA1446 /* ISODynamicGroup.h */ = {isa = PBXFileReference; fileEncoding = 4; lastKnownFileType = sourcecode.c.h; path = ISODynamicGroup.h; sourceTree = "<group>"; };
		5771056618837C3E00FA1446 /* ISOTileInterfaces.h */ = {isa = PBXFileReference; fileEncoding = 4; lastKnownFileType = sourcecode.c.h; path = ISOTileInterfaces.h; sourceTree = "<group>"; };
		5771056718837C3E00FA1446 /* IsoTileUtils.cpp */ = {isa = PBXFileReference; fileEncoding = 4; lastKnownFileType = sourcecode.cpp.cpp; path = IsoTileUtils.cpp; sourceTree = "<group>"; };
		5771056818837C3E00FA1446 /* IsoTileUtils.h */ = {isa = PBXFileReference; fileEncoding = 4; lastKnownFileType = sourcecode.c.h; path = IsoTileUtils.h; sourceTree = "<group>"; };
		5771056A18838D7200FA1446 /* ISOCamera.cpp */ = {isa = PBXFileReference; fileEncoding = 4; lastKnownFileType = sourcecode.cpp.cpp; path = ISOCamera.cpp; sourceTree = "<group>"; };
		5771056B18838D7200FA1446 /* ISOCamera.h */ = {isa = PBXFileReference; fileEncoding = 4; lastKnownFileType = sourcecode.c.h; path = ISOCamera.h; sourceTree = "<group>"; };
		577A783B186BF56500F1B5D5 /* Astar.cpp */ = {isa = PBXFileReference; fileEncoding = 4; lastKnownFileType = sourcecode.cpp.cpp; path = Astar.cpp; sourceTree = "<group>"; };
		577A783C186BF56500F1B5D5 /* Astar.h */ = {isa = PBXFileReference; fileEncoding = 4; lastKnownFileType = sourcecode.c.h; path = Astar.h; sourceTree = "<group>"; };
		577A783D186BF56500F1B5D5 /* AstarFlexible.cpp */ = {isa = PBXFileReference; fileEncoding = 4; lastKnownFileType = sourcecode.cpp.cpp; path = AstarFlexible.cpp; sourceTree = "<group>"; };
		577A783E186BF56500F1B5D5 /* AstarFlexible.h */ = {isa = PBXFileReference; fileEncoding = 4; lastKnownFileType = sourcecode.c.h; path = AstarFlexible.h; sourceTree = "<group>"; };
		577A783F186BF56500F1B5D5 /* AstarNode.cpp */ = {isa = PBXFileReference; fileEncoding = 4; lastKnownFileType = sourcecode.cpp.cpp; path = AstarNode.cpp; sourceTree = "<group>"; };
		577A7840186BF56500F1B5D5 /* AstarNode.h */ = {isa = PBXFileReference; fileEncoding = 4; lastKnownFileType = sourcecode.c.h; path = AstarNode.h; sourceTree = "<group>"; };
		577A7841186BF56500F1B5D5 /* CallbackAstar.cpp */ = {isa = PBXFileReference; fileEncoding = 4; lastKnownFileType = sourcecode.cpp.cpp; path = CallbackAstar.cpp; sourceTree = "<group>"; };
		577A7842186BF56500F1B5D5 /* CallbackAstar.h */ = {isa = PBXFileReference; fileEncoding = 4; lastKnownFileType = sourcecode.c.h; path = CallbackAstar.h; sourceTree = "<group>"; };
		577A7845186BF56500F1B5D5 /* CCParabolaMove.cpp */ = {isa = PBXFileReference; fileEncoding = 4; lastKnownFileType = sourcecode.cpp.cpp; path = CCParabolaMove.cpp; sourceTree = "<group>"; };
		577A7846186BF56500F1B5D5 /* CCParabolaMove.h */ = {isa = PBXFileReference; fileEncoding = 4; lastKnownFileType = sourcecode.c.h; path = CCParabolaMove.h; sourceTree = "<group>"; };
		577A7847186BF56500F1B5D5 /* CCCallFuncNO.cpp */ = {isa = PBXFileReference; fileEncoding = 4; lastKnownFileType = sourcecode.cpp.cpp; path = CCCallFuncNO.cpp; sourceTree = "<group>"; };
		577A7848186BF56500F1B5D5 /* CCCallFuncNO.h */ = {isa = PBXFileReference; fileEncoding = 4; lastKnownFileType = sourcecode.c.h; path = CCCallFuncNO.h; sourceTree = "<group>"; };
		577A7849186BF56500F1B5D5 /* CCGeometryValue.cpp */ = {isa = PBXFileReference; fileEncoding = 4; lastKnownFileType = sourcecode.cpp.cpp; path = CCGeometryValue.cpp; sourceTree = "<group>"; };
		577A784A186BF56500F1B5D5 /* CCGeometryValue.h */ = {isa = PBXFileReference; fileEncoding = 4; lastKnownFileType = sourcecode.c.h; path = CCGeometryValue.h; sourceTree = "<group>"; };
		577A784B186BF56500F1B5D5 /* CCScopePtr.cpp */ = {isa = PBXFileReference; fileEncoding = 4; lastKnownFileType = sourcecode.cpp.cpp; path = CCScopePtr.cpp; sourceTree = "<group>"; };
		577A784C186BF56500F1B5D5 /* CCScopePtr.h */ = {isa = PBXFileReference; fileEncoding = 4; lastKnownFileType = sourcecode.c.h; path = CCScopePtr.h; sourceTree = "<group>"; };
		577A784D186BF56500F1B5D5 /* CCSelectorWrap.cpp */ = {isa = PBXFileReference; fileEncoding = 4; lastKnownFileType = sourcecode.cpp.cpp; path = CCSelectorWrap.cpp; sourceTree = "<group>"; };
		577A784E186BF56500F1B5D5 /* CCSelectorWrap.h */ = {isa = PBXFileReference; fileEncoding = 4; lastKnownFileType = sourcecode.c.h; path = CCSelectorWrap.h; sourceTree = "<group>"; };
		577A7850186BF56500F1B5D5 /* base64.cpp */ = {isa = PBXFileReference; fileEncoding = 4; lastKnownFileType = sourcecode.cpp.cpp; path = base64.cpp; sourceTree = "<group>"; };
		577A7851186BF56500F1B5D5 /* base64.h */ = {isa = PBXFileReference; fileEncoding = 4; lastKnownFileType = sourcecode.c.h; path = base64.h; sourceTree = "<group>"; };
		577A7852186BF56500F1B5D5 /* ccCArray.cpp */ = {isa = PBXFileReference; fileEncoding = 4; lastKnownFileType = sourcecode.cpp.cpp; path = ccCArray.cpp; sourceTree = "<group>"; };
		577A7853186BF56500F1B5D5 /* ccCArray.h */ = {isa = PBXFileReference; fileEncoding = 4; lastKnownFileType = sourcecode.c.h; path = ccCArray.h; sourceTree = "<group>"; };
		577A7866186BF56500F1B5D5 /* Event.cpp */ = {isa = PBXFileReference; fileEncoding = 4; lastKnownFileType = sourcecode.cpp.cpp; path = Event.cpp; sourceTree = "<group>"; };
		577A7867186BF56500F1B5D5 /* Event.h */ = {isa = PBXFileReference; fileEncoding = 4; lastKnownFileType = sourcecode.c.h; path = Event.h; sourceTree = "<group>"; };
		577A7868186BF56500F1B5D5 /* EventHandle.cpp */ = {isa = PBXFileReference; fileEncoding = 4; lastKnownFileType = sourcecode.cpp.cpp; path = EventHandle.cpp; sourceTree = "<group>"; };
		577A7869186BF56500F1B5D5 /* EventHandle.h */ = {isa = PBXFileReference; fileEncoding = 4; lastKnownFileType = sourcecode.c.h; path = EventHandle.h; sourceTree = "<group>"; };
		577A786A186BF56500F1B5D5 /* EventHandleD.cpp */ = {isa = PBXFileReference; fileEncoding = 4; lastKnownFileType = sourcecode.cpp.cpp; path = EventHandleD.cpp; sourceTree = "<group>"; };
		577A786B186BF56500F1B5D5 /* EventHandleD.h */ = {isa = PBXFileReference; fileEncoding = 4; lastKnownFileType = sourcecode.c.h; path = EventHandleD.h; sourceTree = "<group>"; };
		577A786C186BF56500F1B5D5 /* EventHandleWrap.cpp */ = {isa = PBXFileReference; fileEncoding = 4; lastKnownFileType = sourcecode.cpp.cpp; path = EventHandleWrap.cpp; sourceTree = "<group>"; };
		577A786D186BF56500F1B5D5 /* EventHandleWrap.h */ = {isa = PBXFileReference; fileEncoding = 4; lastKnownFileType = sourcecode.c.h; path = EventHandleWrap.h; sourceTree = "<group>"; };
		577A786E186BF56500F1B5D5 /* EventListenerManager.cpp */ = {isa = PBXFileReference; fileEncoding = 4; lastKnownFileType = sourcecode.cpp.cpp; path = EventListenerManager.cpp; sourceTree = "<group>"; };
		577A786F186BF56500F1B5D5 /* EventListenerManager.h */ = {isa = PBXFileReference; fileEncoding = 4; lastKnownFileType = sourcecode.c.h; path = EventListenerManager.h; sourceTree = "<group>"; };
		577A7870186BF56500F1B5D5 /* EventTarget.h */ = {isa = PBXFileReference; fileEncoding = 4; lastKnownFileType = sourcecode.c.h; path = EventTarget.h; sourceTree = "<group>"; };
		577A7871186BF56500F1B5D5 /* IEventTarget.h */ = {isa = PBXFileReference; fileEncoding = 4; lastKnownFileType = sourcecode.c.h; path = IEventTarget.h; sourceTree = "<group>"; };
		577A7872186BF56500F1B5D5 /* UIEvent.cpp */ = {isa = PBXFileReference; fileEncoding = 4; lastKnownFileType = sourcecode.cpp.cpp; path = UIEvent.cpp; sourceTree = "<group>"; };
		577A7873186BF56500F1B5D5 /* UIEvent.h */ = {isa = PBXFileReference; fileEncoding = 4; lastKnownFileType = sourcecode.c.h; path = UIEvent.h; sourceTree = "<group>"; };
		577A7876186BF56500F1B5D5 /* FSMDelegateState.h */ = {isa = PBXFileReference; fileEncoding = 4; lastKnownFileType = sourcecode.c.h; path = FSMDelegateState.h; sourceTree = "<group>"; };
		577A7877186BF56500F1B5D5 /* FSMMachine.cpp */ = {isa = PBXFileReference; fileEncoding = 4; lastKnownFileType = sourcecode.cpp.cpp; path = FSMMachine.cpp; sourceTree = "<group>"; };
		577A7878186BF56500F1B5D5 /* FSMMachine.h */ = {isa = PBXFileReference; fileEncoding = 4; lastKnownFileType = sourcecode.c.h; path = FSMMachine.h; sourceTree = "<group>"; };
		577A7879186BF56500F1B5D5 /* FSMMachineInterface.h */ = {isa = PBXFileReference; fileEncoding = 4; lastKnownFileType = sourcecode.c.h; path = FSMMachineInterface.h; sourceTree = "<group>"; };
		577A787A186BF56500F1B5D5 /* FSMParameterState.h */ = {isa = PBXFileReference; fileEncoding = 4; lastKnownFileType = sourcecode.c.h; path = FSMParameterState.h; sourceTree = "<group>"; };
		577A787B186BF56500F1B5D5 /* FSMState.cpp */ = {isa = PBXFileReference; fileEncoding = 4; lastKnownFileType = sourcecode.cpp.cpp; path = FSMState.cpp; sourceTree = "<group>"; };
		577A787C186BF56500F1B5D5 /* FSMState.h */ = {isa = PBXFileReference; fileEncoding = 4; lastKnownFileType = sourcecode.c.h; path = FSMState.h; sourceTree = "<group>"; };
		577A787D186BF56500F1B5D5 /* FSMStateInterface.h */ = {isa = PBXFileReference; fileEncoding = 4; lastKnownFileType = sourcecode.c.h; path = FSMStateInterface.h; sourceTree = "<group>"; };
		577A78CA186BF56500F1B5D5 /* isometric.h */ = {isa = PBXFileReference; fileEncoding = 4; lastKnownFileType = sourcecode.c.h; path = isometric.h; sourceTree = "<group>"; };
		577A78CC186BF56500F1B5D5 /* MersenneTwister.cpp */ = {isa = PBXFileReference; fileEncoding = 4; lastKnownFileType = sourcecode.cpp.cpp; path = MersenneTwister.cpp; sourceTree = "<group>"; };
		577A78CD186BF56500F1B5D5 /* MersenneTwister.h */ = {isa = PBXFileReference; fileEncoding = 4; lastKnownFileType = sourcecode.c.h; path = MersenneTwister.h; sourceTree = "<group>"; };
		577A78CE186BF56500F1B5D5 /* RandomMT.cpp */ = {isa = PBXFileReference; fileEncoding = 4; lastKnownFileType = sourcecode.cpp.cpp; path = RandomMT.cpp; sourceTree = "<group>"; };
		577A78CF186BF56500F1B5D5 /* RandomMT.h */ = {isa = PBXFileReference; fileEncoding = 4; lastKnownFileType = sourcecode.c.h; path = RandomMT.h; sourceTree = "<group>"; };
		577A78D1186BF56500F1B5D5 /* AsyncMessageManager.cpp */ = {isa = PBXFileReference; fileEncoding = 4; lastKnownFileType = sourcecode.cpp.cpp; path = AsyncMessageManager.cpp; sourceTree = "<group>"; };
		577A78D2186BF56500F1B5D5 /* AsyncMessageManager.h */ = {isa = PBXFileReference; fileEncoding = 4; lastKnownFileType = sourcecode.c.h; path = AsyncMessageManager.h; sourceTree = "<group>"; };
		577A78D3186BF56500F1B5D5 /* DelayMessageManager.cpp */ = {isa = PBXFileReference; fileEncoding = 4; lastKnownFileType = sourcecode.cpp.cpp; path = DelayMessageManager.cpp; sourceTree = "<group>"; };
		577A78D4186BF56500F1B5D5 /* DelayMessageManager.h */ = {isa = PBXFileReference; fileEncoding = 4; lastKnownFileType = sourcecode.c.h; path = DelayMessageManager.h; sourceTree = "<group>"; };
		577A78D5186BF56500F1B5D5 /* Message.cpp */ = {isa = PBXFileReference; fileEncoding = 4; lastKnownFileType = sourcecode.cpp.cpp; path = Message.cpp; sourceTree = "<group>"; };
		577A78D6186BF56500F1B5D5 /* Message.h */ = {isa = PBXFileReference; fileEncoding = 4; lastKnownFileType = sourcecode.c.h; path = Message.h; sourceTree = "<group>"; };
		577A78D7186BF56500F1B5D5 /* MessageHandler.cpp */ = {isa = PBXFileReference; fileEncoding = 4; lastKnownFileType = sourcecode.cpp.cpp; path = MessageHandler.cpp; sourceTree = "<group>"; };
		577A78D8186BF56500F1B5D5 /* MessageHandler.h */ = {isa = PBXFileReference; fileEncoding = 4; lastKnownFileType = sourcecode.c.h; path = MessageHandler.h; sourceTree = "<group>"; };
		577A78D9186BF56500F1B5D5 /* MessageManager.cpp */ = {isa = PBXFileReference; fileEncoding = 4; lastKnownFileType = sourcecode.cpp.cpp; path = MessageManager.cpp; sourceTree = "<group>"; };
		577A78DA186BF56500F1B5D5 /* MessageManager.h */ = {isa = PBXFileReference; fileEncoding = 4; lastKnownFileType = sourcecode.c.h; path = MessageManager.h; sourceTree = "<group>"; };
		577A78DB186BF56500F1B5D5 /* MessageManagerInterface.h */ = {isa = PBXFileReference; fileEncoding = 4; lastKnownFileType = sourcecode.c.h; path = MessageManagerInterface.h; sourceTree = "<group>"; };
		577A78DC186BF56500F1B5D5 /* MessageManagerSenderPredominate.cpp */ = {isa = PBXFileReference; fileEncoding = 4; lastKnownFileType = sourcecode.cpp.cpp; path = MessageManagerSenderPredominate.cpp; sourceTree = "<group>"; };
		577A78DD186BF56500F1B5D5 /* MessageManagerSenderPredominate.h */ = {isa = PBXFileReference; fileEncoding = 4; lastKnownFileType = sourcecode.c.h; path = MessageManagerSenderPredominate.h; sourceTree = "<group>"; };
		577A78DE186BF56500F1B5D5 /* MessageTarget.cpp */ = {isa = PBXFileReference; fileEncoding = 4; lastKnownFileType = sourcecode.cpp.cpp; path = MessageTarget.cpp; sourceTree = "<group>"; };
		577A78DF186BF56500F1B5D5 /* MessageTarget.h */ = {isa = PBXFileReference; fileEncoding = 4; lastKnownFileType = sourcecode.c.h; path = MessageTarget.h; sourceTree = "<group>"; };
		577A78E0186BF56500F1B5D5 /* NormalMessageManager.cpp */ = {isa = PBXFileReference; fileEncoding = 4; lastKnownFileType = sourcecode.cpp.cpp; path = NormalMessageManager.cpp; sourceTree = "<group>"; };
		577A78E1186BF56500F1B5D5 /* NormalMessageManager.h */ = {isa = PBXFileReference; fileEncoding = 4; lastKnownFileType = sourcecode.c.h; path = NormalMessageManager.h; sourceTree = "<group>"; };
		577A78E2186BF56500F1B5D5 /* SimpleMessageManager.cpp */ = {isa = PBXFileReference; fileEncoding = 4; lastKnownFileType = sourcecode.cpp.cpp; path = SimpleMessageManager.cpp; sourceTree = "<group>"; };
		577A78E3186BF56500F1B5D5 /* SimpleMessageManager.h */ = {isa = PBXFileReference; fileEncoding = 4; lastKnownFileType = sourcecode.c.h; path = SimpleMessageManager.h; sourceTree = "<group>"; };
		577A78E4186BF56500F1B5D5 /* message.h */ = {isa = PBXFileReference; fileEncoding = 4; lastKnownFileType = sourcecode.c.h; path = message.h; sourceTree = "<group>"; };
		577A78E7186BF56500F1B5D5 /* yhge.h */ = {isa = PBXFileReference; fileEncoding = 4; lastKnownFileType = sourcecode.c.h; path = yhge.h; sourceTree = "<group>"; };
		577A78E8186BF56500F1B5D5 /* YHGEMacros.h */ = {isa = PBXFileReference; fileEncoding = 4; lastKnownFileType = sourcecode.c.h; path = YHGEMacros.h; sourceTree = "<group>"; };
		578E5F5318680D830042319C /* libyhge.a */ = {isa = PBXFileReference; explicitFileType = archive.ar; includeInIndex = 0; path = libyhge.a; sourceTree = BUILT_PRODUCTS_DIR; };
		5792840D188CD37000B46136 /* CameraFlowGridMoveComponent.cpp */ = {isa = PBXFileReference; fileEncoding = 4; lastKnownFileType = sourcecode.cpp.cpp; path = CameraFlowGridMoveComponent.cpp; sourceTree = "<group>"; };
		5792840E188CD37000B46136 /* CameraFlowGridMoveComponent.h */ = {isa = PBXFileReference; fileEncoding = 4; lastKnownFileType = sourcecode.c.h; path = CameraFlowGridMoveComponent.h; sourceTree = "<group>"; };
		57928413188D2BFD00B46136 /* ISOActiveLayer.cpp */ = {isa = PBXFileReference; fileEncoding = 4; lastKnownFileType = sourcecode.cpp.cpp; path = ISOActiveLayer.cpp; sourceTree = "<group>"; };
		57928414188D2BFD00B46136 /* ISOActiveLayer.h */ = {isa = PBXFileReference; fileEncoding = 4; lastKnownFileType = sourcecode.c.h; path = ISOActiveLayer.h; sourceTree = "<group>"; };
		57928422188E82EC00B46136 /* ISOMap.cpp */ = {isa = PBXFileReference; fileEncoding = 4; lastKnownFileType = sourcecode.cpp.cpp; path = ISOMap.cpp; sourceTree = "<group>"; };
		57928423188E82EC00B46136 /* ISOMap.h */ = {isa = PBXFileReference; fileEncoding = 4; lastKnownFileType = sourcecode.c.h; path = ISOMap.h; sourceTree = "<group>"; };
		57928426188F5BD400B46136 /* ISOLayer.cpp */ = {isa = PBXFileReference; fileEncoding = 4; lastKnownFileType = sourcecode.cpp.cpp; path = ISOLayer.cpp; sourceTree = "<group>"; };
		57928427188F5BD400B46136 /* ISOLayer.h */ = {isa = PBXFileReference; fileEncoding = 4; lastKnownFileType = sourcecode.c.h; path = ISOLayer.h; sourceTree = "<group>"; };
		57975AAB1890FAE9008A9F38 /* SortZIndex.cpp */ = {isa = PBXFileReference; fileEncoding = 4; lastKnownFileType = sourcecode.cpp.cpp; path = SortZIndex.cpp; sourceTree = "<group>"; };
		57975AAC1890FAE9008A9F38 /* SortZIndex.h */ = {isa = PBXFileReference; fileEncoding = 4; lastKnownFileType = sourcecode.c.h; path = SortZIndex.h; sourceTree = "<group>"; };
		57975AAE1890FB16008A9F38 /* ZIndex.cpp */ = {isa = PBXFileReference; fileEncoding = 4; lastKnownFileType = sourcecode.cpp.cpp; path = ZIndex.cpp; sourceTree = "<group>"; };
		57975AAF1890FB16008A9F38 /* ZIndex.h */ = {isa = PBXFileReference; fileEncoding = 4; lastKnownFileType = sourcecode.c.h; path = ZIndex.h; sourceTree = "<group>"; };
		57975AB01890FB16008A9F38 /* ZIndexNode.cpp */ = {isa = PBXFileReference; fileEncoding = 4; lastKnownFileType = sourcecode.cpp.cpp; path = ZIndexNode.cpp; sourceTree = "<group>"; };
		57975AB11890FB16008A9F38 /* ZIndexNode.h */ = {isa = PBXFileReference; fileEncoding = 4; lastKnownFileType = sourcecode.c.h; path = ZIndexNode.h; sourceTree = "<group>"; };
		57975AB418910123008A9F38 /* SortZIndexNode.cpp */ = {isa = PBXFileReference; fileEncoding = 4; lastKnownFileType = sourcecode.cpp.cpp; path = SortZIndexNode.cpp; sourceTree = "<group>"; };
		57975AB518910123008A9F38 /* SortZIndexNode.h */ = {isa = PBXFileReference; fileEncoding = 4; lastKnownFileType = sourcecode.c.h; path = SortZIndexNode.h; sourceTree = "<group>"; };
		57975ABB1894F5A0008A9F38 /* CCMap.h */ = {isa = PBXFileReference; fileEncoding = 4; lastKnownFileType = sourcecode.c.h; path = CCMap.h; sourceTree = "<group>"; };
		57975ABC1894F5A0008A9F38 /* CCVector.h */ = {isa = PBXFileReference; fileEncoding = 4; lastKnownFileType = sourcecode.c.h; path = CCVector.h; sourceTree = "<group>"; };
		57C337401888C3A1008B5618 /* AnimationComponent.cpp */ = {isa = PBXFileReference; fileEncoding = 4; lastKnownFileType = sourcecode.cpp.cpp; path = AnimationComponent.cpp; sourceTree = "<group>"; };
		57C337411888C3A1008B5618 /* AnimationComponent.h */ = {isa = PBXFileReference; fileEncoding = 4; lastKnownFileType = sourcecode.c.h; path = AnimationComponent.h; sourceTree = "<group>"; };
		57C337421888C3A1008B5618 /* AttackComponent.cpp */ = {isa = PBXFileReference; fileEncoding = 4; lastKnownFileType = sourcecode.cpp.cpp; path = AttackComponent.cpp; sourceTree = "<group>"; };
		57C337431888C3A1008B5618 /* AttackComponent.h */ = {isa = PBXFileReference; fileEncoding = 4; lastKnownFileType = sourcecode.c.h; path = AttackComponent.h; sourceTree = "<group>"; };
		57C337441888C3A1008B5618 /* AutoAttackComponent.cpp */ = {isa = PBXFileReference; fileEncoding = 4; lastKnownFileType = sourcecode.cpp.cpp; path = AutoAttackComponent.cpp; sourceTree = "<group>"; };
		57C337451888C3A1008B5618 /* AutoAttackComponent.h */ = {isa = PBXFileReference; fileEncoding = 4; lastKnownFileType = sourcecode.c.h; path = AutoAttackComponent.h; sourceTree = "<group>"; };
		57C337461888C3A1008B5618 /* Component.cpp */ = {isa = PBXFileReference; fileEncoding = 4; lastKnownFileType = sourcecode.cpp.cpp; path = Component.cpp; sourceTree = "<group>"; };
		57C337471888C3A1008B5618 /* Component.h */ = {isa = PBXFileReference; fileEncoding = 4; lastKnownFileType = sourcecode.c.h; path = Component.h; sourceTree = "<group>"; };
		57C337481888C3A1008B5618 /* ComponentEntityInterface.h */ = {isa = PBXFileReference; fileEncoding = 4; lastKnownFileType = sourcecode.c.h; path = ComponentEntityInterface.h; sourceTree = "<group>"; };
		57C337491888C3A1008B5618 /* ComponentInterface.h */ = {isa = PBXFileReference; fileEncoding = 4; lastKnownFileType = sourcecode.c.h; path = ComponentInterface.h; sourceTree = "<group>"; };
		57C3374A1888C3A1008B5618 /* ComponentMessageDefine.h */ = {isa = PBXFileReference; fileEncoding = 4; lastKnownFileType = sourcecode.c.h; path = ComponentMessageDefine.h; sourceTree = "<group>"; };
		57C3374B1888C3A1008B5618 /* GridMoveComponent.cpp */ = {isa = PBXFileReference; fileEncoding = 4; lastKnownFileType = sourcecode.cpp.cpp; path = GridMoveComponent.cpp; sourceTree = "<group>"; };
		57C3374C1888C3A1008B5618 /* GridMoveComponent.h */ = {isa = PBXFileReference; fileEncoding = 4; lastKnownFileType = sourcecode.c.h; path = GridMoveComponent.h; sourceTree = "<group>"; };
		57C3374D1888C3A1008B5618 /* ISOPositionComponent.cpp */ = {isa = PBXFileReference; fileEncoding = 4; lastKnownFileType = sourcecode.cpp.cpp; path = ISOPositionComponent.cpp; sourceTree = "<group>"; };
		57C3374E1888C3A1008B5618 /* ISOPositionComponent.h */ = {isa = PBXFileReference; fileEncoding = 4; lastKnownFileType = sourcecode.c.h; path = ISOPositionComponent.h; sourceTree = "<group>"; };
		57C3374F1888C3A1008B5618 /* ManualAttackComponent.cpp */ = {isa = PBXFileReference; fileEncoding = 4; lastKnownFileType = sourcecode.cpp.cpp; path = ManualAttackComponent.cpp; sourceTree = "<group>"; };
		57C337501888C3A1008B5618 /* ManualAttackComponent.h */ = {isa = PBXFileReference; fileEncoding = 4; lastKnownFileType = sourcecode.c.h; path = ManualAttackComponent.h; sourceTree = "<group>"; };
		57C337511888C3A1008B5618 /* MoveComponent.cpp */ = {isa = PBXFileReference; fileEncoding = 4; lastKnownFileType = sourcecode.cpp.cpp; path = MoveComponent.cpp; sourceTree = "<group>"; };
		57C337521888C3A1008B5618 /* MoveComponent.h */ = {isa = PBXFileReference; fileEncoding = 4; lastKnownFileType = sourcecode.c.h; path = MoveComponent.h; sourceTree = "<group>"; };
		57C337531888C3A1008B5618 /* RendererComponent.cpp */ = {isa = PBXFileReference; fileEncoding = 4; lastKnownFileType = sourcecode.cpp.cpp; path = RendererComponent.cpp; sourceTree = "<group>"; };
		57C337541888C3A1008B5618 /* RendererComponent.h */ = {isa = PBXFileReference; fileEncoding = 4; lastKnownFileType = sourcecode.c.h; path = RendererComponent.h; sourceTree = "<group>"; };
		57C337571888C3A1008B5618 /* SpriteRendererComponent.cpp */ = {isa = PBXFileReference; fileEncoding = 4; lastKnownFileType = sourcecode.cpp.cpp; path = SpriteRendererComponent.cpp; sourceTree = "<group>"; };
		57C337581888C3A1008B5618 /* SpriteRendererComponent.h */ = {isa = PBXFileReference; fileEncoding = 4; lastKnownFileType = sourcecode.c.h; path = SpriteRendererComponent.h; sourceTree = "<group>"; };
		57C337591888C3A1008B5618 /* Entity.cpp */ = {isa = PBXFileReference; fileEncoding = 4; lastKnownFileType = sourcecode.cpp.cpp; path = Entity.cpp; sourceTree = "<group>"; };
		57C3375A1888C3A1008B5618 /* Entity.h */ = {isa = PBXFileReference; fileEncoding = 4; lastKnownFileType = sourcecode.c.h; path = Entity.h; sourceTree = "<group>"; };
		57C337681888CB02008B5618 /* entity_component.h */ = {isa = PBXFileReference; fileEncoding = 4; lastKnownFileType = sourcecode.c.h; path = entity_component.h; sourceTree = "<group>"; };
		57C337691888CC67008B5618 /* IsometricProperty.cpp */ = {isa = PBXFileReference; fileEncoding = 4; lastKnownFileType = sourcecode.cpp.cpp; path = IsometricProperty.cpp; sourceTree = "<group>"; };
		57C3376A1888CC67008B5618 /* IsometricProperty.h */ = {isa = PBXFileReference; fileEncoding = 4; lastKnownFileType = sourcecode.c.h; path = IsometricProperty.h; sourceTree = "<group>"; };
		BF170DB012928DE900B8313A /* OpenGLES.framework */ = {isa = PBXFileReference; lastKnownFileType = wrapper.framework; name = OpenGLES.framework; path = System/Library/Frameworks/OpenGLES.framework; sourceTree = SDKROOT; };
		BF170DB212928DE900B8313A /* libxml2.dylib */ = {isa = PBXFileReference; lastKnownFileType = "compiled.mach-o.dylib"; name = libxml2.dylib; path = usr/lib/libxml2.dylib; sourceTree = SDKROOT; };
		BF170DB412928DE900B8313A /* libz.dylib */ = {isa = PBXFileReference; lastKnownFileType = "compiled.mach-o.dylib"; name = libz.dylib; path = usr/lib/libz.dylib; sourceTree = SDKROOT; };
		BF1C47EA1293683800B63C5D /* QuartzCore.framework */ = {isa = PBXFileReference; lastKnownFileType = wrapper.framework; name = QuartzCore.framework; path = System/Library/Frameworks/QuartzCore.framework; sourceTree = SDKROOT; };
		D44C620B132DFF330009C878 /* OpenAL.framework */ = {isa = PBXFileReference; lastKnownFileType = wrapper.framework; name = OpenAL.framework; path = System/Library/Frameworks/OpenAL.framework; sourceTree = SDKROOT; };
		D44C620D132DFF430009C878 /* AVFoundation.framework */ = {isa = PBXFileReference; lastKnownFileType = wrapper.framework; name = AVFoundation.framework; path = System/Library/Frameworks/AVFoundation.framework; sourceTree = SDKROOT; };
		D44C620F132DFF4E0009C878 /* AudioToolbox.framework */ = {isa = PBXFileReference; lastKnownFileType = wrapper.framework; name = AudioToolbox.framework; path = System/Library/Frameworks/AudioToolbox.framework; sourceTree = SDKROOT; };
/* End PBXFileReference section */

/* Begin PBXFrameworksBuildPhase section */
		578E5F5018680D830042319C /* Frameworks */ = {
			isa = PBXFrameworksBuildPhase;
			buildActionMask = 2147483647;
			files = (
				578E5F5418680D830042319C /* Foundation.framework in Frameworks */,
			);
			runOnlyForDeploymentPostprocessing = 0;
		};
/* End PBXFrameworksBuildPhase section */

/* Begin PBXGroup section */
		19C28FACFE9D520D11CA2CBB /* Products */ = {
			isa = PBXGroup;
			children = (
				578E5F5318680D830042319C /* libyhge.a */,
			);
			name = Products;
			sourceTree = "<group>";
		};
		29B97314FDCFA39411CA2CEA /* CustomTemplate */ = {
			isa = PBXGroup;
			children = (
				577A781F186BF56500F1B5D5 /* yhge */,
				29B97323FDCFA39411CA2CEA /* Frameworks */,
				19C28FACFE9D520D11CA2CBB /* Products */,
				1AC3624616D4A1E8000847F2 /* Prefix.pch */,
			);
			name = CustomTemplate;
			sourceTree = "<group>";
		};
		29B97323FDCFA39411CA2CEA /* Frameworks */ = {
			isa = PBXGroup;
			children = (
				1ACB3243164770DE00914215 /* libcurl.a */,
				BF170DB212928DE900B8313A /* libxml2.dylib */,
				BF170DB412928DE900B8313A /* libz.dylib */,
				D44C620F132DFF4E0009C878 /* AudioToolbox.framework */,
				D44C620D132DFF430009C878 /* AVFoundation.framework */,
				288765A40DF7441C002DB57D /* CoreGraphics.framework */,
				1D30AB110D05D00D00671497 /* Foundation.framework */,
				D44C620B132DFF330009C878 /* OpenAL.framework */,
				BF170DB012928DE900B8313A /* OpenGLES.framework */,
				BF1C47EA1293683800B63C5D /* QuartzCore.framework */,
				1DF5F4DF0D08C38300B7A737 /* UIKit.framework */,
			);
			name = Frameworks;
			sourceTree = "<group>";
		};
		576E3F70187D4BFB00745A0A /* Isometric */ = {
			isa = PBXGroup;
			children = (
				57975AAA1890FAE9008A9F38 /* occlusion */,
				576E3F75187D4BFB00745A0A /* tile */,
				576E3F71187D4BFB00745A0A /* Coordinate.cpp */,
				576E3F72187D4BFB00745A0A /* Coordinate.h */,
				5771056A18838D7200FA1446 /* ISOCamera.cpp */,
				5771056B18838D7200FA1446 /* ISOCamera.h */,
				576E3F73187D4BFB00745A0A /* ISOCoordinate.h */,
				57928426188F5BD400B46136 /* ISOLayer.cpp */,
				57928427188F5BD400B46136 /* ISOLayer.h */,
				57928422188E82EC00B46136 /* ISOMap.cpp */,
				57928423188E82EC00B46136 /* ISOMap.h */,
			);
			path = Isometric;
			sourceTree = "<group>";
		};
		576E3F75187D4BFB00745A0A /* tile */ = {
			isa = PBXGroup;
			children = (
				576E3F76187D4BFB00745A0A /* base */,
				576E3F86187D4BFB00745A0A /* layers */,
				576E3F9B187D4BFB00745A0A /* occlusion */,
				576E3F9D187D4BFB00745A0A /* parser */,
				576E3FAC187D4BFB00745A0A /* reader */,
				576E3FE4187E47F300745A0A /* renderer */,
				576E3FD6187D5EE600745A0A /* ISOBases.h */,
				576E3F82187D4BFB00745A0A /* ISOInfos.h */,
				576E3FD7187D5EE600745A0A /* ISOLayers.h */,
				5771056618837C3E00FA1446 /* ISOTileInterfaces.h */,
				576E3F84187D4BFB00745A0A /* ISOTileMap.cpp */,
				576E3F85187D4BFB00745A0A /* ISOTileMap.h */,
				5771056718837C3E00FA1446 /* IsoTileUtils.cpp */,
				5771056818837C3E00FA1446 /* IsoTileUtils.h */,
			);
			path = tile;
			sourceTree = "<group>";
		};
		576E3F76187D4BFB00745A0A /* base */ = {
			isa = PBXGroup;
			children = (
				576E3FDD187E3DF800745A0A /* ISOMapObject.cpp */,
				576E3FDE187E3DF800745A0A /* ISOMapObject.h */,
				576E3FD3187D5D5500745A0A /* ISOObjectGroup.cpp */,
				576E3FD4187D5D5500745A0A /* ISOObjectGroup.h */,
				576E3F7C187D4BFB00745A0A /* ISOTile.cpp */,
				576E3F7D187D4BFB00745A0A /* ISOTile.h */,
				576E3F7A187D4BFB00745A0A /* ISOTileObject.cpp */,
				576E3F7B187D4BFB00745A0A /* ISOTileObject.h */,
				576E3FE0187E431500745A0A /* ISOTileObjectPart.cpp */,
				576E3FE1187E431500745A0A /* ISOTileObjectPart.h */,
				576E3F7E187D4BFB00745A0A /* ISOTileset.cpp */,
				576E3F7F187D4BFB00745A0A /* ISOTileset.h */,
				576E3F80187D4BFB00745A0A /* ISOTilesetGroup.cpp */,
				576E3F81187D4BFB00745A0A /* ISOTilesetGroup.h */,
			);
			path = base;
			sourceTree = "<group>";
		};
		576E3F86187D4BFB00745A0A /* layers */ = {
			isa = PBXGroup;
			children = (
				57928413188D2BFD00B46136 /* ISOActiveLayer.cpp */,
				57928414188D2BFD00B46136 /* ISOActiveLayer.h */,
				576E3F88187D4BFB00745A0A /* ISOBatchDynamicComponent.cpp */,
				576E3F89187D4BFB00745A0A /* ISOBatchDynamicComponent.h */,
				576E3F8A187D4BFB00745A0A /* ISOBatchDynamicTileLayer.cpp */,
				576E3F8B187D4BFB00745A0A /* ISOBatchDynamicTileLayer.h */,
				576E3F8C187D4BFB00745A0A /* ISOBatchTileLayer.cpp */,
				576E3F8D187D4BFB00745A0A /* ISOBatchTileLayer.h */,
				5771056018837C2C00FA1446 /* ISOCoordinateLayer.cpp */,
				5771056118837C2C00FA1446 /* ISOCoordinateLayer.h */,
				576E3F8E187D4BFB00745A0A /* ISODynamicComponent.cpp */,
				576E3F8F187D4BFB00745A0A /* ISODynamicComponent.h */,
				5771056218837C2C00FA1446 /* ISODynamicGroup.cpp */,
				5771056318837C2C00FA1446 /* ISODynamicGroup.h */,
				576E3F90187D4BFB00745A0A /* ISODynamicTileLayer.cpp */,
				576E3F91187D4BFB00745A0A /* ISODynamicTileLayer.h */,
				576E3F92187D4BFB00745A0A /* ISOGroundTileLayer.cpp */,
				576E3F93187D4BFB00745A0A /* ISOGroundTileLayer.h */,
				576E3FEA187E7CB400745A0A /* ISOObjectLayer.cpp */,
				576E3FEB187E7CB400745A0A /* ISOObjectLayer.h */,
				576E3F97187D4BFB00745A0A /* ISOTileLayer.cpp */,
				576E3F98187D4BFB00745A0A /* ISOTileLayer.h */,
			);
			path = layers;
			sourceTree = "<group>";
		};
		576E3F9B187D4BFB00745A0A /* occlusion */ = {
			isa = PBXGroup;
			children = (
			);
			path = occlusion;
			sourceTree = "<group>";
		};
		576E3F9D187D4BFB00745A0A /* parser */ = {
			isa = PBXGroup;
			children = (
				576E3F9E187D4BFB00745A0A /* ISOLayerInfo.cpp */,
				576E3F9F187D4BFB00745A0A /* ISOLayerInfo.h */,
				576E3FA0187D4BFB00745A0A /* ISOMapInfo.cpp */,
				576E3FA1187D4BFB00745A0A /* ISOMapInfo.h */,
				576E3FA2187D4BFB00745A0A /* ISOObjectGroupInfo.cpp */,
				576E3FA3187D4BFB00745A0A /* ISOObjectGroupInfo.h */,
				576E3FA4187D4BFB00745A0A /* ISOObjectInfo.cpp */,
				576E3FA5187D4BFB00745A0A /* ISOObjectInfo.h */,
				576E3FA6187D4BFB00745A0A /* ISOTileInfo.cpp */,
				576E3FA7187D4BFB00745A0A /* ISOTileInfo.h */,
				576E3FA8187D4BFB00745A0A /* ISOTilesetInfo.cpp */,
				576E3FA9187D4BFB00745A0A /* ISOTilesetInfo.h */,
				576E3FAA187D4BFB00745A0A /* ISOXMLParser.cpp */,
				576E3FAB187D4BFB00745A0A /* ISOXMLParser.h */,
			);
			path = parser;
			sourceTree = "<group>";
		};
		576E3FAC187D4BFB00745A0A /* reader */ = {
			isa = PBXGroup;
			children = (
				576E3FAD187D4BFB00745A0A /* ISOTileMapBuilder.cpp */,
				576E3FAE187D4BFB00745A0A /* ISOTileMapBuilder.h */,
			);
			path = reader;
			sourceTree = "<group>";
		};
		576E3FE4187E47F300745A0A /* renderer */ = {
			isa = PBXGroup;
			children = (
				576E3FE5187E47F300745A0A /* ISOComponentNode.cpp */,
				576E3FE6187E47F300745A0A /* ISOComponentNode.h */,
			);
			path = renderer;
			sourceTree = "<group>";
		};
		577A781F186BF56500F1B5D5 /* yhge */ = {
			isa = PBXGroup;
			children = (
				577A7838186BF56500F1B5D5 /* Arithmetic */,
				577A7843186BF56500F1B5D5 /* CocosExt */,
				57C3373E1888C3A1008B5618 /* EntityComponent */,
				577A7865186BF56500F1B5D5 /* Event */,
				577A7874186BF56500F1B5D5 /* FSM */,
				576E3F70187D4BFB00745A0A /* Isometric */,
				577A78CB186BF56500F1B5D5 /* Math */,
				577A78D0186BF56500F1B5D5 /* Message */,
				57C337681888CB02008B5618 /* entity_component.h */,
				577A78CA186BF56500F1B5D5 /* isometric.h */,
				577A78E4186BF56500F1B5D5 /* message.h */,
				577A78E7186BF56500F1B5D5 /* yhge.h */,
				577A78E8186BF56500F1B5D5 /* YHGEMacros.h */,
			);
			name = yhge;
			path = ../yhge;
			sourceTree = "<group>";
		};
		577A7838186BF56500F1B5D5 /* Arithmetic */ = {
			isa = PBXGroup;
			children = (
				577A7839186BF56500F1B5D5 /* Search */,
			);
			path = Arithmetic;
			sourceTree = "<group>";
		};
		577A7839186BF56500F1B5D5 /* Search */ = {
			isa = PBXGroup;
			children = (
				577A783A186BF56500F1B5D5 /* AStar */,
			);
			path = Search;
			sourceTree = "<group>";
		};
		577A783A186BF56500F1B5D5 /* AStar */ = {
			isa = PBXGroup;
			children = (
				577A783B186BF56500F1B5D5 /* Astar.cpp */,
				577A783C186BF56500F1B5D5 /* Astar.h */,
				577A783D186BF56500F1B5D5 /* AstarFlexible.cpp */,
				577A783E186BF56500F1B5D5 /* AstarFlexible.h */,
				577A783F186BF56500F1B5D5 /* AstarNode.cpp */,
				577A7840186BF56500F1B5D5 /* AstarNode.h */,
				577A7841186BF56500F1B5D5 /* CallbackAstar.cpp */,
				577A7842186BF56500F1B5D5 /* CallbackAstar.h */,
			);
			path = AStar;
			sourceTree = "<group>";
		};
		577A7843186BF56500F1B5D5 /* CocosExt */ = {
			isa = PBXGroup;
			children = (
				577A7844186BF56500F1B5D5 /* Actions */,
				577A7847186BF56500F1B5D5 /* CCCallFuncNO.cpp */,
				577A7848186BF56500F1B5D5 /* CCCallFuncNO.h */,
				5771055D18837C1700FA1446 /* CCDefaultTexture.cpp */,
				5771055E18837C1700FA1446 /* CCDefaultTexture.h */,
				577A7849186BF56500F1B5D5 /* CCGeometryValue.cpp */,
				577A784A186BF56500F1B5D5 /* CCGeometryValue.h */,
				577A784B186BF56500F1B5D5 /* CCScopePtr.cpp */,
				577A784C186BF56500F1B5D5 /* CCScopePtr.h */,
				577A784D186BF56500F1B5D5 /* CCSelectorWrap.cpp */,
				577A784E186BF56500F1B5D5 /* CCSelectorWrap.h */,
				577A784F186BF56500F1B5D5 /* Support */,
			);
			path = CocosExt;
			sourceTree = "<group>";
		};
		577A7844186BF56500F1B5D5 /* Actions */ = {
			isa = PBXGroup;
			children = (
				577A7845186BF56500F1B5D5 /* CCParabolaMove.cpp */,
				577A7846186BF56500F1B5D5 /* CCParabolaMove.h */,
			);
			path = Actions;
			sourceTree = "<group>";
		};
		577A784F186BF56500F1B5D5 /* Support */ = {
			isa = PBXGroup;
			children = (
				577A7850186BF56500F1B5D5 /* base64.cpp */,
				577A7851186BF56500F1B5D5 /* base64.h */,
				577A7852186BF56500F1B5D5 /* ccCArray.cpp */,
				577A7853186BF56500F1B5D5 /* ccCArray.h */,
				57975ABB1894F5A0008A9F38 /* CCMap.h */,
				57975ABC1894F5A0008A9F38 /* CCVector.h */,
			);
			path = Support;
			sourceTree = "<group>";
		};
		577A7865186BF56500F1B5D5 /* Event */ = {
			isa = PBXGroup;
			children = (
				577A7866186BF56500F1B5D5 /* Event.cpp */,
				577A7867186BF56500F1B5D5 /* Event.h */,
				577A7868186BF56500F1B5D5 /* EventHandle.cpp */,
				577A7869186BF56500F1B5D5 /* EventHandle.h */,
				577A786A186BF56500F1B5D5 /* EventHandleD.cpp */,
				577A786B186BF56500F1B5D5 /* EventHandleD.h */,
				577A786C186BF56500F1B5D5 /* EventHandleWrap.cpp */,
				577A786D186BF56500F1B5D5 /* EventHandleWrap.h */,
				577A786E186BF56500F1B5D5 /* EventListenerManager.cpp */,
				577A786F186BF56500F1B5D5 /* EventListenerManager.h */,
				577A7870186BF56500F1B5D5 /* EventTarget.h */,
				577A7871186BF56500F1B5D5 /* IEventTarget.h */,
				577A7872186BF56500F1B5D5 /* UIEvent.cpp */,
				577A7873186BF56500F1B5D5 /* UIEvent.h */,
			);
			path = Event;
			sourceTree = "<group>";
		};
		577A7874186BF56500F1B5D5 /* FSM */ = {
			isa = PBXGroup;
			children = (
				577A7875186BF56500F1B5D5 /* Common */,
			);
			path = FSM;
			sourceTree = "<group>";
		};
		577A7875186BF56500F1B5D5 /* Common */ = {
			isa = PBXGroup;
			children = (
				577A7876186BF56500F1B5D5 /* FSMDelegateState.h */,
				577A7877186BF56500F1B5D5 /* FSMMachine.cpp */,
				577A7878186BF56500F1B5D5 /* FSMMachine.h */,
				577A7879186BF56500F1B5D5 /* FSMMachineInterface.h */,
				577A787A186BF56500F1B5D5 /* FSMParameterState.h */,
				577A787B186BF56500F1B5D5 /* FSMState.cpp */,
				577A787C186BF56500F1B5D5 /* FSMState.h */,
				577A787D186BF56500F1B5D5 /* FSMStateInterface.h */,
			);
			path = Common;
			sourceTree = "<group>";
		};
		577A78CB186BF56500F1B5D5 /* Math */ = {
			isa = PBXGroup;
			children = (
				577A78CC186BF56500F1B5D5 /* MersenneTwister.cpp */,
				577A78CD186BF56500F1B5D5 /* MersenneTwister.h */,
				577A78CE186BF56500F1B5D5 /* RandomMT.cpp */,
				577A78CF186BF56500F1B5D5 /* RandomMT.h */,
			);
			path = Math;
			sourceTree = "<group>";
		};
		577A78D0186BF56500F1B5D5 /* Message */ = {
			isa = PBXGroup;
			children = (
				577A78D1186BF56500F1B5D5 /* AsyncMessageManager.cpp */,
				577A78D2186BF56500F1B5D5 /* AsyncMessageManager.h */,
				577A78D3186BF56500F1B5D5 /* DelayMessageManager.cpp */,
				577A78D4186BF56500F1B5D5 /* DelayMessageManager.h */,
				577A78D5186BF56500F1B5D5 /* Message.cpp */,
				577A78D6186BF56500F1B5D5 /* Message.h */,
				577A78D7186BF56500F1B5D5 /* MessageHandler.cpp */,
				577A78D8186BF56500F1B5D5 /* MessageHandler.h */,
				577A78D9186BF56500F1B5D5 /* MessageManager.cpp */,
				577A78DA186BF56500F1B5D5 /* MessageManager.h */,
				577A78DB186BF56500F1B5D5 /* MessageManagerInterface.h */,
				577A78DC186BF56500F1B5D5 /* MessageManagerSenderPredominate.cpp */,
				577A78DD186BF56500F1B5D5 /* MessageManagerSenderPredominate.h */,
				577A78DE186BF56500F1B5D5 /* MessageTarget.cpp */,
				577A78DF186BF56500F1B5D5 /* MessageTarget.h */,
				577A78E0186BF56500F1B5D5 /* NormalMessageManager.cpp */,
				577A78E1186BF56500F1B5D5 /* NormalMessageManager.h */,
				577A78E2186BF56500F1B5D5 /* SimpleMessageManager.cpp */,
				577A78E3186BF56500F1B5D5 /* SimpleMessageManager.h */,
			);
			path = Message;
			sourceTree = "<group>";
		};
		57975AAA1890FAE9008A9F38 /* occlusion */ = {
			isa = PBXGroup;
			children = (
				57975AAB1890FAE9008A9F38 /* SortZIndex.cpp */,
				57975AAC1890FAE9008A9F38 /* SortZIndex.h */,
				57975AB418910123008A9F38 /* SortZIndexNode.cpp */,
				57975AB518910123008A9F38 /* SortZIndexNode.h */,
				57975AAE1890FB16008A9F38 /* ZIndex.cpp */,
				57975AAF1890FB16008A9F38 /* ZIndex.h */,
				57975AB01890FB16008A9F38 /* ZIndexNode.cpp */,
				57975AB11890FB16008A9F38 /* ZIndexNode.h */,
			);
			path = occlusion;
			sourceTree = "<group>";
		};
		57C3373E1888C3A1008B5618 /* EntityComponent */ = {
			isa = PBXGroup;
			children = (
				57C3373F1888C3A1008B5618 /* Components */,
				57C3375B1888C3A1008B5618 /* Properties */,
				57C337591888C3A1008B5618 /* Entity.cpp */,
				57C3375A1888C3A1008B5618 /* Entity.h */,
			);
			path = EntityComponent;
			sourceTree = "<group>";
		};
		57C3373F1888C3A1008B5618 /* Components */ = {
			isa = PBXGroup;
			children = (
				57C337401888C3A1008B5618 /* AnimationComponent.cpp */,
				57C337411888C3A1008B5618 /* AnimationComponent.h */,
				57C337421888C3A1008B5618 /* AttackComponent.cpp */,
				57C337431888C3A1008B5618 /* AttackComponent.h */,
				57C337441888C3A1008B5618 /* AutoAttackComponent.cpp */,
				57C337451888C3A1008B5618 /* AutoAttackComponent.h */,
				5792840D188CD37000B46136 /* CameraFlowGridMoveComponent.cpp */,
				5792840E188CD37000B46136 /* CameraFlowGridMoveComponent.h */,
				57C337461888C3A1008B5618 /* Component.cpp */,
				57C337471888C3A1008B5618 /* Component.h */,
				57C337481888C3A1008B5618 /* ComponentEntityInterface.h */,
				57C337491888C3A1008B5618 /* ComponentInterface.h */,
				57C3374A1888C3A1008B5618 /* ComponentMessageDefine.h */,
				57C3374B1888C3A1008B5618 /* GridMoveComponent.cpp */,
				57C3374C1888C3A1008B5618 /* GridMoveComponent.h */,
				57C3374D1888C3A1008B5618 /* ISOPositionComponent.cpp */,
				57C3374E1888C3A1008B5618 /* ISOPositionComponent.h */,
				57C3374F1888C3A1008B5618 /* ManualAttackComponent.cpp */,
				57C337501888C3A1008B5618 /* ManualAttackComponent.h */,
				57C337511888C3A1008B5618 /* MoveComponent.cpp */,
				57C337521888C3A1008B5618 /* MoveComponent.h */,
				57C337531888C3A1008B5618 /* RendererComponent.cpp */,
				57C337541888C3A1008B5618 /* RendererComponent.h */,
				57C337571888C3A1008B5618 /* SpriteRendererComponent.cpp */,
				57C337581888C3A1008B5618 /* SpriteRendererComponent.h */,
			);
			path = Components;
			sourceTree = "<group>";
		};
		57C3375B1888C3A1008B5618 /* Properties */ = {
			isa = PBXGroup;
			children = (
				57C337691888CC67008B5618 /* IsometricProperty.cpp */,
				57C3376A1888CC67008B5618 /* IsometricProperty.h */,
			);
			path = Properties;
			sourceTree = "<group>";
		};
/* End PBXGroup section */

/* Begin PBXNativeTarget section */
		578E5F5218680D830042319C /* yhge */ = {
			isa = PBXNativeTarget;
			buildConfigurationList = 578E5F7018680D830042319C /* Build configuration list for PBXNativeTarget "yhge" */;
			buildPhases = (
				578E5F4F18680D830042319C /* Sources */,
				578E5F5018680D830042319C /* Frameworks */,
				578E5F5118680D830042319C /* CopyFiles */,
			);
			buildRules = (
			);
			dependencies = (
			);
			name = yhge;
			productName = yhge;
			productReference = 578E5F5318680D830042319C /* libyhge.a */;
			productType = "com.apple.product-type.library.static";
		};
/* End PBXNativeTarget section */

/* Begin PBXProject section */
		29B97313FDCFA39411CA2CEA /* Project object */ = {
			isa = PBXProject;
			attributes = {
				LastUpgradeCheck = 0430;
			};
			buildConfigurationList = C01FCF4E08A954540054247B /* Build configuration list for PBXProject "yhge" */;
			compatibilityVersion = "Xcode 3.2";
			developmentRegion = English;
			hasScannedForEncodings = 1;
			knownRegions = (
				English,
				Japanese,
				French,
				German,
				en,
			);
			mainGroup = 29B97314FDCFA39411CA2CEA /* CustomTemplate */;
			projectDirPath = "";
			projectRoot = "";
			targets = (
				578E5F5218680D830042319C /* yhge */,
			);
		};
/* End PBXProject section */

/* Begin PBXSourcesBuildPhase section */
		578E5F4F18680D830042319C /* Sources */ = {
			isa = PBXSourcesBuildPhase;
			buildActionMask = 2147483647;
			files = (
				577A78FB186BF56500F1B5D5 /* CCScopePtr.cpp in Sources */,
				57C337611888C3A1008B5618 /* ISOPositionComponent.cpp in Sources */,
				577A78F9186BF56500F1B5D5 /* CCCallFuncNO.cpp in Sources */,
				576E3FEC187E7CB400745A0A /* ISOObjectLayer.cpp in Sources */,
				576E3FB9187D4BFB00745A0A /* ISOTileset.cpp in Sources */,
				577A792E186BF56500F1B5D5 /* AsyncMessageManager.cpp in Sources */,
				577A7909186BF56500F1B5D5 /* EventHandleWrap.cpp in Sources */,
				577A78F8186BF56500F1B5D5 /* CCParabolaMove.cpp in Sources */,
				577A792C186BF56500F1B5D5 /* MersenneTwister.cpp in Sources */,
				57975AAD1890FAE9008A9F38 /* SortZIndex.cpp in Sources */,
				577A7930186BF56500F1B5D5 /* Message.cpp in Sources */,
				576E3FD5187D5D5500745A0A /* ISOObjectGroup.cpp in Sources */,
				577A7935186BF56500F1B5D5 /* NormalMessageManager.cpp in Sources */,
				577A7907186BF56500F1B5D5 /* EventHandle.cpp in Sources */,
				57928415188D2BFD00B46136 /* ISOActiveLayer.cpp in Sources */,
				576E3FC0187D4BFB00745A0A /* ISODynamicComponent.cpp in Sources */,
				577A78F6186BF56500F1B5D5 /* AstarNode.cpp in Sources */,
				577A7931186BF56500F1B5D5 /* MessageHandler.cpp in Sources */,
				576E3FB5187D4BFB00745A0A /* Coordinate.cpp in Sources */,
				577A78FD186BF56500F1B5D5 /* base64.cpp in Sources */,
				577A7934186BF56500F1B5D5 /* MessageTarget.cpp in Sources */,
				577A7932186BF56500F1B5D5 /* MessageManager.cpp in Sources */,
				576E3FB7187D4BFB00745A0A /* ISOTileObject.cpp in Sources */,
				577A792F186BF56500F1B5D5 /* DelayMessageManager.cpp in Sources */,
				576E3FE7187E47F300745A0A /* ISOComponentNode.cpp in Sources */,
				576E3FCC187D4BFB00745A0A /* ISOXMLParser.cpp in Sources */,
				57C3375F1888C3A1008B5618 /* Component.cpp in Sources */,
				576E3FBD187D4BFB00745A0A /* ISOBatchDynamicComponent.cpp in Sources */,
				577A78FA186BF56500F1B5D5 /* CCGeometryValue.cpp in Sources */,
				57C3375C1888C3A1008B5618 /* AnimationComponent.cpp in Sources */,
				576E3FC7187D4BFB00745A0A /* ISOMapInfo.cpp in Sources */,
				577A790C186BF56500F1B5D5 /* FSMMachine.cpp in Sources */,
				576E3FC2187D4BFB00745A0A /* ISOGroundTileLayer.cpp in Sources */,
				577A7906186BF56500F1B5D5 /* Event.cpp in Sources */,
				57C3375E1888C3A1008B5618 /* AutoAttackComponent.cpp in Sources */,
				57928424188E82EC00B46136 /* ISOMap.cpp in Sources */,
				576E3FBA187D4BFB00745A0A /* ISOTilesetGroup.cpp in Sources */,
				577A78F4186BF56500F1B5D5 /* Astar.cpp in Sources */,
				576E3FBC187D4BFB00745A0A /* ISOTileMap.cpp in Sources */,
				576E3FC6187D4BFB00745A0A /* ISOLayerInfo.cpp in Sources */,
				576E3FC8187D4BFB00745A0A /* ISOObjectGroupInfo.cpp in Sources */,
				577A7933186BF56500F1B5D5 /* MessageManagerSenderPredominate.cpp in Sources */,
				576E3FBF187D4BFB00745A0A /* ISOBatchTileLayer.cpp in Sources */,
				57C337671888C3A1008B5618 /* Entity.cpp in Sources */,
				577A78F5186BF56500F1B5D5 /* AstarFlexible.cpp in Sources */,
				57975AB618910123008A9F38 /* SortZIndexNode.cpp in Sources */,
				577A7908186BF56500F1B5D5 /* EventHandleD.cpp in Sources */,
				57975AB21890FB16008A9F38 /* ZIndex.cpp in Sources */,
				57C3376B1888CC67008B5618 /* IsometricProperty.cpp in Sources */,
				576E3FC9187D4BFB00745A0A /* ISOObjectInfo.cpp in Sources */,
				577A78F7186BF56500F1B5D5 /* CallbackAstar.cpp in Sources */,
				576E3FCA187D4BFB00745A0A /* ISOTileInfo.cpp in Sources */,
				5792840F188CD37000B46136 /* CameraFlowGridMoveComponent.cpp in Sources */,
				576E3FE2187E431500745A0A /* ISOTileObjectPart.cpp in Sources */,
				576E3FB8187D4BFB00745A0A /* ISOTile.cpp in Sources */,
				57C337631888C3A1008B5618 /* MoveComponent.cpp in Sources */,
				57C337621888C3A1008B5618 /* ManualAttackComponent.cpp in Sources */,
				5771056518837C2C00FA1446 /* ISODynamicGroup.cpp in Sources */,
				57975AB31890FB16008A9F38 /* ZIndexNode.cpp in Sources */,
				576E3FCB187D4BFB00745A0A /* ISOTilesetInfo.cpp in Sources */,
				576E3FBE187D4BFB00745A0A /* ISOBatchDynamicTileLayer.cpp in Sources */,
				5771056418837C2C00FA1446 /* ISOCoordinateLayer.cpp in Sources */,
				577A7936186BF56500F1B5D5 /* SimpleMessageManager.cpp in Sources */,
				577A790D186BF56500F1B5D5 /* FSMState.cpp in Sources */,
				576E3FDF187E3DF800745A0A /* ISOMapObject.cpp in Sources */,
				576E3FC4187D4BFB00745A0A /* ISOTileLayer.cpp in Sources */,
				576E3FCD187D4BFB00745A0A /* ISOTileMapBuilder.cpp in Sources */,
				5771056C18838D7200FA1446 /* ISOCamera.cpp in Sources */,
				57C337601888C3A1008B5618 /* GridMoveComponent.cpp in Sources */,
				5771055F18837C1700FA1446 /* CCDefaultTexture.cpp in Sources */,
				577A790A186BF56500F1B5D5 /* EventListenerManager.cpp in Sources */,
				57C337641888C3A1008B5618 /* RendererComponent.cpp in Sources */,
				577A792D186BF56500F1B5D5 /* RandomMT.cpp in Sources */,
				577A78FC186BF56500F1B5D5 /* CCSelectorWrap.cpp in Sources */,
				57C3375D1888C3A1008B5618 /* AttackComponent.cpp in Sources */,
				57C337661888C3A1008B5618 /* SpriteRendererComponent.cpp in Sources */,
				5771056918837C3E00FA1446 /* IsoTileUtils.cpp in Sources */,
				576E3FC1187D4BFB00745A0A /* ISODynamicTileLayer.cpp in Sources */,
				577A78FE186BF56500F1B5D5 /* ccCArray.cpp in Sources */,
				57928428188F5BD400B46136 /* ISOLayer.cpp in Sources */,
				577A790B186BF56500F1B5D5 /* UIEvent.cpp in Sources */,
			);
			runOnlyForDeploymentPostprocessing = 0;
		};
/* End PBXSourcesBuildPhase section */

/* Begin XCBuildConfiguration section */
		578E5F7118680D830042319C /* Debug */ = {
			isa = XCBuildConfiguration;
			buildSettings = {
				ALWAYS_SEARCH_USER_PATHS = NO;
				ARCHS = "$(ARCHS_STANDARD_32_BIT)";
				CLANG_CXX_LANGUAGE_STANDARD = "compiler-default";
				CLANG_CXX_LIBRARY = "compiler-default";
				CLANG_ENABLE_MODULES = NO;
				CLANG_ENABLE_OBJC_ARC = NO;
				CLANG_WARN_BOOL_CONVERSION = YES;
				CLANG_WARN_CONSTANT_CONVERSION = YES;
				CLANG_WARN_DIRECT_OBJC_ISA_USAGE = YES_ERROR;
				CLANG_WARN_EMPTY_BODY = YES;
				CLANG_WARN_ENUM_CONVERSION = YES;
				CLANG_WARN_INT_CONVERSION = YES;
				CLANG_WARN_OBJC_ROOT_CLASS = YES_ERROR;
				CLANG_WARN__DUPLICATE_METHOD_MATCH = YES;
				COPY_PHASE_STRIP = NO;
				DSTROOT = /tmp/yhge.dst;
				ENABLE_NS_ASSERTIONS = YES;
				GCC_C_LANGUAGE_STANDARD = gnu99;
				GCC_DYNAMIC_NO_PIC = NO;
				GCC_OPTIMIZATION_LEVEL = 0;
				GCC_PRECOMPILE_PREFIX_HEADER = YES;
				GCC_PREFIX_HEADER = Prefix.pch;
				GCC_PREPROCESSOR_DEFINITIONS = (
					CC_TARGET_OS_IPHONE,
					"COCOS2D_DEBUG=1",
				);
				GCC_SYMBOLS_PRIVATE_EXTERN = NO;
				GCC_WARN_64_TO_32_BIT_CONVERSION = NO;
				"GCC_WARN_64_TO_32_BIT_CONVERSION[arch=*64]" = YES;
				GCC_WARN_ABOUT_RETURN_TYPE = YES_ERROR;
				GCC_WARN_UNDECLARED_SELECTOR = NO;
				GCC_WARN_UNINITIALIZED_AUTOS = YES;
				GCC_WARN_UNUSED_FUNCTION = NO;
				HEADER_SEARCH_PATHS = (
					"$(SRCROOT)/../../../CocosDenshion/include",
					"$(SRCROOT)/../../../cocos2dx/kazmath/include",
					"$(SRCROOT)/../../../external",
					"$(SRCROOT)/../../../cocos2dx",
					"$(SRCROOT)/../../../cocos2dx/include",
					"$(SRCROOT)/../../../cocos2dx/platform/third_party/ios",
					"$(SRCROOT)/../../../cocos2dx/platform/ios",
					"$(SRCROOT)/../../../cocos2dx/platform/ios/Simulation",
					"$(SRCROOT)/../",
				);
				IPHONEOS_DEPLOYMENT_TARGET = 5.0;
				ONLY_ACTIVE_ARCH = NO;
				OTHER_LDFLAGS = "-ObjC";
				PRODUCT_NAME = "$(TARGET_NAME)";
				SKIP_INSTALL = YES;
				VALID_ARCHS = "armv64 armv7 armv7s";
			};
			name = Debug;
		};
		578E5F7218680D830042319C /* Release */ = {
			isa = XCBuildConfiguration;
			buildSettings = {
				ALWAYS_SEARCH_USER_PATHS = NO;
				ARCHS = "$(ARCHS_STANDARD_32_BIT)";
				CLANG_CXX_LANGUAGE_STANDARD = "compiler-default";
				CLANG_CXX_LIBRARY = "compiler-default";
				CLANG_ENABLE_MODULES = NO;
				CLANG_ENABLE_OBJC_ARC = NO;
				CLANG_WARN_BOOL_CONVERSION = YES;
				CLANG_WARN_CONSTANT_CONVERSION = YES;
				CLANG_WARN_DIRECT_OBJC_ISA_USAGE = YES_ERROR;
				CLANG_WARN_EMPTY_BODY = YES;
				CLANG_WARN_ENUM_CONVERSION = YES;
				CLANG_WARN_INT_CONVERSION = YES;
				CLANG_WARN_OBJC_ROOT_CLASS = YES_ERROR;
				CLANG_WARN__DUPLICATE_METHOD_MATCH = YES;
				COPY_PHASE_STRIP = YES;
				DSTROOT = /tmp/yhge.dst;
				ENABLE_NS_ASSERTIONS = YES;
				GCC_C_LANGUAGE_STANDARD = gnu99;
				GCC_PRECOMPILE_PREFIX_HEADER = YES;
				GCC_PREFIX_HEADER = Prefix.pch;
				GCC_PREPROCESSOR_DEFINITIONS = CC_TARGET_OS_IPHONE;
				GCC_WARN_64_TO_32_BIT_CONVERSION = NO;
				"GCC_WARN_64_TO_32_BIT_CONVERSION[arch=*64]" = YES;
				GCC_WARN_ABOUT_RETURN_TYPE = YES_ERROR;
				GCC_WARN_UNDECLARED_SELECTOR = NO;
				GCC_WARN_UNINITIALIZED_AUTOS = YES;
				GCC_WARN_UNUSED_FUNCTION = NO;
				HEADER_SEARCH_PATHS = (
					"$(SRCROOT)/../../../CocosDenshion/include",
					"$(SRCROOT)/../../../cocos2dx/kazmath/include",
					"$(SRCROOT)/../../../external",
					"$(SRCROOT)/../../../cocos2dx",
					"$(SRCROOT)/../../../cocos2dx/include",
					"$(SRCROOT)/../../../cocos2dx/platform/third_party/ios",
					"$(SRCROOT)/../../../cocos2dx/platform/ios",
					"$(SRCROOT)/../../../cocos2dx/platform/ios/Simulation",
					"$(SRCROOT)/../",
				);
				IPHONEOS_DEPLOYMENT_TARGET = 5.0;
				ONLY_ACTIVE_ARCH = NO;
				OTHER_LDFLAGS = "-ObjC";
				PRODUCT_NAME = "$(TARGET_NAME)";
				SKIP_INSTALL = YES;
				VALIDATE_PRODUCT = YES;
				VALID_ARCHS = "armv64 armv7 armv7s";
			};
			name = Release;
		};
		C01FCF4F08A954540054247B /* Debug */ = {
			isa = XCBuildConfiguration;
			buildSettings = {
				ARCHS = "$(ARCHS_STANDARD_32_BIT)";
				GCC_C_LANGUAGE_STANDARD = c99;
				GCC_VERSION = "";
				GCC_WARN_ABOUT_RETURN_TYPE = YES;
				GCC_WARN_UNUSED_VARIABLE = YES;
				LIBRARY_SEARCH_PATHS = "$(SRCROOT)/../../cocos2dx/platform/third_party/ios/libraries";
				SDKROOT = iphoneos;
				VALID_ARCHS = "armv6 armv7 i386";
			};
			name = Debug;
		};
		C01FCF5008A954540054247B /* Release */ = {
			isa = XCBuildConfiguration;
			buildSettings = {
				ARCHS = "$(ARCHS_STANDARD_32_BIT)";
				GCC_C_LANGUAGE_STANDARD = c99;
				GCC_VERSION = "";
				GCC_WARN_ABOUT_RETURN_TYPE = YES;
				GCC_WARN_UNUSED_VARIABLE = YES;
				LIBRARY_SEARCH_PATHS = "$(SRCROOT)/../../cocos2dx/platform/third_party/ios/libraries";
				OTHER_CFLAGS = "-DNS_BLOCK_ASSERTIONS=1";
				SDKROOT = iphoneos;
				VALID_ARCHS = "armv6 armv7 i386";
			};
			name = Release;
		};
/* End XCBuildConfiguration section */

/* Begin XCConfigurationList section */
		578E5F7018680D830042319C /* Build configuration list for PBXNativeTarget "yhge" */ = {
			isa = XCConfigurationList;
			buildConfigurations = (
				578E5F7118680D830042319C /* Debug */,
				578E5F7218680D830042319C /* Release */,
			);
			defaultConfigurationIsVisible = 0;
			defaultConfigurationName = Debug;
		};
		C01FCF4E08A954540054247B /* Build configuration list for PBXProject "yhge" */ = {
			isa = XCConfigurationList;
			buildConfigurations = (
				C01FCF4F08A954540054247B /* Debug */,
				C01FCF5008A954540054247B /* Release */,
			);
			defaultConfigurationIsVisible = 0;
			defaultConfigurationName = Debug;
		};
/* End XCConfigurationList section */
	};
	rootObject = 29B97313FDCFA39411CA2CEA /* Project object */;
}
