<?xml version="1.0" encoding="utf-8"?>
<Project ToolsVersion="4.0" xmlns="http://schemas.microsoft.com/developer/msbuild/2003">
  <ItemGroup>
    <Filter Include="include">
      <UniqueIdentifier>{41d8efaf-7295-4e2f-8051-50f5b1eeeac3}</UniqueIdentifier>
    </Filter>
    <Filter Include="Message">
      <UniqueIdentifier>{39d622d9-b433-4fa5-996d-7adf928f5eec}</UniqueIdentifier>
    </Filter>
    <Filter Include="Math">
      <UniqueIdentifier>{00c9821a-9ecb-42a2-ae78-3361ff29f418}</UniqueIdentifier>
    </Filter>
    <Filter Include="Event">
      <UniqueIdentifier>{616172d2-0e69-4552-abed-265d22a5d178}</UniqueIdentifier>
    </Filter>
    <Filter Include="CocosExt">
      <UniqueIdentifier>{dd21489e-cb47-4d7d-900c-ab9d6d292361}</UniqueIdentifier>
    </Filter>
    <Filter Include="CocosExt\Actions">
      <UniqueIdentifier>{0e03474f-1f7a-47d3-8392-6a2f5897d961}</UniqueIdentifier>
    </Filter>
  </ItemGroup>
  <ItemGroup>
    <ClInclude Include="..\include\message.h">
      <Filter>include</Filter>
    </ClInclude>
    <ClInclude Include="..\include\yhge.h">
      <Filter>include</Filter>
    </ClInclude>
    <ClInclude Include="..\include\YHGEMacros.h">
      <Filter>include</Filter>
    </ClInclude>
    <ClInclude Include="..\Message\Message.h">
      <Filter>Message</Filter>
    </ClInclude>
    <ClInclude Include="..\Message\MessageHandler.h">
      <Filter>Message</Filter>
    </ClInclude>
    <ClInclude Include="..\Message\MessageManager.h">
      <Filter>Message</Filter>
    </ClInclude>
    <ClInclude Include="..\Message\MessageTarget.h">
      <Filter>Message</Filter>
    </ClInclude>
    <ClInclude Include="..\Math\MersenneTwister.h">
      <Filter>Math</Filter>
    </ClInclude>
    <ClInclude Include="..\Math\RandomMT.h">
      <Filter>Math</Filter>
    </ClInclude>
    <ClInclude Include="..\Event\Event.h">
      <Filter>Event</Filter>
    </ClInclude>
    <ClInclude Include="..\Event\EventHandle.h">
      <Filter>Event</Filter>
    </ClInclude>
    <ClInclude Include="..\Event\EventHandleD.h">
      <Filter>Event</Filter>
    </ClInclude>
    <ClInclude Include="..\Event\EventHandleWrap.h">
      <Filter>Event</Filter>
    </ClInclude>
    <ClInclude Include="..\Event\EventListenerManager.h">
      <Filter>Event</Filter>
    </ClInclude>
    <ClInclude Include="..\Event\EventTarget.h">
      <Filter>Event</Filter>
    </ClInclude>
    <ClInclude Include="..\Event\IEventTarget.h">
      <Filter>Event</Filter>
    </ClInclude>
    <ClInclude Include="..\Event\UIEvent.h">
      <Filter>Event</Filter>
    </ClInclude>
    <ClInclude Include="..\CocosExt\CCCallFuncNO.h">
      <Filter>CocosExt</Filter>
    </ClInclude>
    <ClInclude Include="..\CocosExt\CCGeometryValue.h">
      <Filter>CocosExt</Filter>
    </ClInclude>
    <ClInclude Include="..\CocosExt\CCScopePtr.h">
      <Filter>CocosExt</Filter>
    </ClInclude>
    <ClInclude Include="..\CocosExt\CCSelectorWrap.h">
      <Filter>CocosExt</Filter>
    </ClInclude>
    <ClInclude Include="..\CocosExt\Actions\CCParabolaMove.h">
      <Filter>CocosExt\Actions</Filter>
    </ClInclude>
  </ItemGroup>
  <ItemGroup>
    <ClCompile Include="..\Message\Message.cpp">
      <Filter>Message</Filter>
    </ClCompile>
    <ClCompile Include="..\Message\MessageHandler.cpp">
      <Filter>Message</Filter>
    </ClCompile>
    <ClCompile Include="..\Message\MessageManager.cpp">
      <Filter>Message</Filter>
    </ClCompile>
    <ClCompile Include="..\Message\MessageTarget.cpp">
      <Filter>Message</Filter>
    </ClCompile>
    <ClCompile Include="..\Math\MersenneTwister.cpp">
      <Filter>Math</Filter>
    </ClCompile>
    <ClCompile Include="..\Math\RandomMT.cpp">
      <Filter>Math</Filter>
    </ClCompile>
    <ClCompile Include="..\Event\Event.cpp">
      <Filter>Event</Filter>
    </ClCompile>
    <ClCompile Include="..\Event\EventHandle.cpp">
      <Filter>Event</Filter>
    </ClCompile>
    <ClCompile Include="..\Event\EventHandleD.cpp">
      <Filter>Event</Filter>
    </ClCompile>
    <ClCompile Include="..\Event\EventHandleWrap.cpp">
      <Filter>Event</Filter>
    </ClCompile>
    <ClCompile Include="..\Event\EventListenerManager.cpp">
      <Filter>Event</Filter>
    </ClCompile>
    <ClCompile Include="..\Event\UIEvent.cpp">
      <Filter>Event</Filter>
    </ClCompile>
    <ClCompile Include="..\CocosExt\CCCallFuncNO.cpp">
      <Filter>CocosExt</Filter>
    </ClCompile>
    <ClCompile Include="..\CocosExt\CCGeometryValue.cpp">
      <Filter>CocosExt</Filter>
    </ClCompile>
    <ClCompile Include="..\CocosExt\CCScopePtr.cpp">
      <Filter>CocosExt</Filter>
    </ClCompile>
    <ClCompile Include="..\CocosExt\CCSelectorWrap.cpp">
      <Filter>CocosExt</Filter>
    </ClCompile>
    <ClCompile Include="..\CocosExt\Actions\CCParabolaMove.cpp">
      <Filter>CocosExt\Actions</Filter>
    </ClCompile>
  </ItemGroup>
</Project>